// !$*UTF8*$!
{
	archiveVersion = 1;
	classes = {
	};
	objectVersion = 46;
	objects = {

/* Begin PBXBuildFile section */
		0C2670CD1B77290200394E29 /* GoogleService-Info.plist in Resources */ = {isa = PBXBuildFile; fileRef = 0C2670CC1B77290200394E29 /* GoogleService-Info.plist */; };
		0C2670CF1B772E4B00394E29 /* Enums.swift in Sources */ = {isa = PBXBuildFile; fileRef = 0C2670CE1B772E4B00394E29 /* Enums.swift */; };
		0C329E731B7B2A71005BE2B6 /* Reachability.swift in Sources */ = {isa = PBXBuildFile; fileRef = 0C329E721B7B2A71005BE2B6 /* Reachability.swift */; };
		0C329E751B7B2D32005BE2B6 /* RegisterModel.swift in Sources */ = {isa = PBXBuildFile; fileRef = 0C329E741B7B2D32005BE2B6 /* RegisterModel.swift */; };
		0C329E771B7B47DC005BE2B6 /* EmptyView.xib in Resources */ = {isa = PBXBuildFile; fileRef = 0C329E761B7B47DC005BE2B6 /* EmptyView.xib */; };
		0C329E791B7B47FF005BE2B6 /* EmptyView.swift in Sources */ = {isa = PBXBuildFile; fileRef = 0C329E781B7B47FF005BE2B6 /* EmptyView.swift */; };
		0C329E7C1B7B7353005BE2B6 /* HelpViewController.swift in Sources */ = {isa = PBXBuildFile; fileRef = 0C329E7A1B7B7353005BE2B6 /* HelpViewController.swift */; };
		0C329E7D1B7B7353005BE2B6 /* HelpViewController.xib in Resources */ = {isa = PBXBuildFile; fileRef = 0C329E7B1B7B7353005BE2B6 /* HelpViewController.xib */; };
		0C329E801B7B7376005BE2B6 /* MessagingViewController.swift in Sources */ = {isa = PBXBuildFile; fileRef = 0C329E7E1B7B7376005BE2B6 /* MessagingViewController.swift */; };
		0C329E811B7B7376005BE2B6 /* MessagingViewController.xib in Resources */ = {isa = PBXBuildFile; fileRef = 0C329E7F1B7B7376005BE2B6 /* MessagingViewController.xib */; };
		0C329E841B7B738E005BE2B6 /* CustomizeShoppingViewController.swift in Sources */ = {isa = PBXBuildFile; fileRef = 0C329E821B7B738E005BE2B6 /* CustomizeShoppingViewController.swift */; };
		0C329E851B7B738E005BE2B6 /* CustomizeShoppingViewController.xib in Resources */ = {isa = PBXBuildFile; fileRef = 0C329E831B7B738E005BE2B6 /* CustomizeShoppingViewController.xib */; };
		0C329E881B7B73A4005BE2B6 /* TodaysPromoViewController.swift in Sources */ = {isa = PBXBuildFile; fileRef = 0C329E861B7B73A4005BE2B6 /* TodaysPromoViewController.swift */; };
		0C329E891B7B73A4005BE2B6 /* TodaysPromoViewController.xib in Resources */ = {isa = PBXBuildFile; fileRef = 0C329E871B7B73A4005BE2B6 /* TodaysPromoViewController.xib */; };
		0C329E8C1B7B73B7005BE2B6 /* CategoriesViewController.swift in Sources */ = {isa = PBXBuildFile; fileRef = 0C329E8A1B7B73B7005BE2B6 /* CategoriesViewController.swift */; };
		0C329E8D1B7B73B7005BE2B6 /* CategoriesViewController.xib in Resources */ = {isa = PBXBuildFile; fileRef = 0C329E8B1B7B73B7005BE2B6 /* CategoriesViewController.xib */; };
		0C329E931B7B7B2F005BE2B6 /* HiddenViewController.swift in Sources */ = {isa = PBXBuildFile; fileRef = 0C329E921B7B7B2F005BE2B6 /* HiddenViewController.swift */; };
		0C329E951B7B7C5B005BE2B6 /* CustomTabBarController.swift in Sources */ = {isa = PBXBuildFile; fileRef = 0C329E941B7B7C5B005BE2B6 /* CustomTabBarController.swift */; };
		0C5111D51B81CD69002F0001 /* SellerViewController.swift in Sources */ = {isa = PBXBuildFile; fileRef = 0C5111D31B81CD69002F0001 /* SellerViewController.swift */; };
		0C5111D61B81CD69002F0001 /* SellerViewController.xib in Resources */ = {isa = PBXBuildFile; fileRef = 0C5111D41B81CD69002F0001 /* SellerViewController.xib */; };
		0C5111D81B81CEE7002F0001 /* SellerTableHeaderView.swift in Sources */ = {isa = PBXBuildFile; fileRef = 0C5111D71B81CEE7002F0001 /* SellerTableHeaderView.swift */; };
		0C5111DA1B81CEFE002F0001 /* SellerTableHeaderView.xib in Resources */ = {isa = PBXBuildFile; fileRef = 0C5111D91B81CEFE002F0001 /* SellerTableHeaderView.xib */; };
		0C5111DD1B81F21A002F0001 /* AboutSellerTableViewCell.swift in Sources */ = {isa = PBXBuildFile; fileRef = 0C5111DB1B81F21A002F0001 /* AboutSellerTableViewCell.swift */; };
		0C5111DE1B81F21A002F0001 /* AboutSellerTableViewCell.xib in Resources */ = {isa = PBXBuildFile; fileRef = 0C5111DC1B81F21A002F0001 /* AboutSellerTableViewCell.xib */; };
		0C5111E11B8207C7002F0001 /* ProductsTableViewCell.swift in Sources */ = {isa = PBXBuildFile; fileRef = 0C5111DF1B8207C7002F0001 /* ProductsTableViewCell.swift */; };
		0C5111E21B8207C7002F0001 /* ProductsTableViewCell.xib in Resources */ = {isa = PBXBuildFile; fileRef = 0C5111E01B8207C7002F0001 /* ProductsTableViewCell.xib */; };
		0C5111E51B8211B6002F0001 /* GeneralRatingTableViewCell.swift in Sources */ = {isa = PBXBuildFile; fileRef = 0C5111E31B8211B6002F0001 /* GeneralRatingTableViewCell.swift */; };
		0C5111E61B8211B6002F0001 /* GeneralRatingTableViewCell.xib in Resources */ = {isa = PBXBuildFile; fileRef = 0C5111E41B8211B6002F0001 /* GeneralRatingTableViewCell.xib */; };
		0C5111E91B821D6F002F0001 /* SeeMoreTableViewCell.swift in Sources */ = {isa = PBXBuildFile; fileRef = 0C5111E71B821D6F002F0001 /* SeeMoreTableViewCell.swift */; };
		0C5111EA1B821D6F002F0001 /* SeeMoreTableViewCell.xib in Resources */ = {isa = PBXBuildFile; fileRef = 0C5111E81B821D6F002F0001 /* SeeMoreTableViewCell.xib */; };
		0C5926011B8327BA0021EA76 /* ResultViewController.swift in Sources */ = {isa = PBXBuildFile; fileRef = 0C5925FF1B8327BA0021EA76 /* ResultViewController.swift */; };
		0C5926021B8327BA0021EA76 /* ResultViewController.xib in Resources */ = {isa = PBXBuildFile; fileRef = 0C5926001B8327BA0021EA76 /* ResultViewController.xib */; };
		0C5926041B836C670021EA76 /* ProfileModel.swift in Sources */ = {isa = PBXBuildFile; fileRef = 0C5926031B836C670021EA76 /* ProfileModel.swift */; };
		0C5926061B836EA30021EA76 /* AddressModel.swift in Sources */ = {isa = PBXBuildFile; fileRef = 0C5926051B836EA30021EA76 /* AddressModel.swift */; };
		0C6490761B7781E400F88F92 /* Category.swift in Sources */ = {isa = PBXBuildFile; fileRef = 0C6490751B7781E400F88F92 /* Category.swift */; };
		0C8A7C7B1B6772670039F013 /* Images.xcassets in Resources */ = {isa = PBXBuildFile; fileRef = 0C8A7C7A1B6772670039F013 /* Images.xcassets */; };
		0C8A7C8A1B6772670039F013 /* YiLinkerOnlineBuyerTests.swift in Sources */ = {isa = PBXBuildFile; fileRef = 0C8A7C891B6772670039F013 /* YiLinkerOnlineBuyerTests.swift */; };
		0C9937391B750583000D6074 /* dummyHome.json in Resources */ = {isa = PBXBuildFile; fileRef = 0C9936FC1B750583000D6074 /* dummyHome.json */; };
		0C99373A1B750583000D6074 /* APIManager.swift in Sources */ = {isa = PBXBuildFile; fileRef = 0C9936FE1B750583000D6074 /* APIManager.swift */; };
		0C99373B1B750583000D6074 /* Constants.swift in Sources */ = {isa = PBXBuildFile; fileRef = 0C9936FF1B750583000D6074 /* Constants.swift */; };
		0C99373C1B750583000D6074 /* HexaColor.swift in Sources */ = {isa = PBXBuildFile; fileRef = 0C9937001B750583000D6074 /* HexaColor.swift */; };
		0C99373D1B750583000D6074 /* IPhoneType.swift in Sources */ = {isa = PBXBuildFile; fileRef = 0C9937011B750583000D6074 /* IPhoneType.swift */; };
		0C99373E1B750583000D6074 /* ParseLocalJSON.swift in Sources */ = {isa = PBXBuildFile; fileRef = 0C9937021B750583000D6074 /* ParseLocalJSON.swift */; };
		0C99373F1B750583000D6074 /* SessionManager.swift in Sources */ = {isa = PBXBuildFile; fileRef = 0C9937031B750583000D6074 /* SessionManager.swift */; };
		0C9937401B750583000D6074 /* HomePageProductModel.swift in Sources */ = {isa = PBXBuildFile; fileRef = 0C9937051B750583000D6074 /* HomePageProductModel.swift */; };
		0C9937411B750583000D6074 /* ProductModel.swift in Sources */ = {isa = PBXBuildFile; fileRef = 0C9937061B750583000D6074 /* ProductModel.swift */; };
		0C9937421B750583000D6074 /* SellerModel.swift in Sources */ = {isa = PBXBuildFile; fileRef = 0C9937071B750583000D6074 /* SellerModel.swift */; };
		0C9937431B750583000D6074 /* HomeStoryBoard.storyboard in Resources */ = {isa = PBXBuildFile; fileRef = 0C9937091B750583000D6074 /* HomeStoryBoard.storyboard */; };
		0C9937451B750583000D6074 /* DiscountLabel.swift in Sources */ = {isa = PBXBuildFile; fileRef = 0C99370C1B750583000D6074 /* DiscountLabel.swift */; };
		0C9937461B750583000D6074 /* DynamicRoundedButton.swift in Sources */ = {isa = PBXBuildFile; fileRef = 0C99370D1B750583000D6074 /* DynamicRoundedButton.swift */; };
		0C9937471B750583000D6074 /* DynamicRoundedLabel.swift in Sources */ = {isa = PBXBuildFile; fileRef = 0C99370E1B750583000D6074 /* DynamicRoundedLabel.swift */; };
		0C9937481B750583000D6074 /* FullImageCollectionViewCell.swift in Sources */ = {isa = PBXBuildFile; fileRef = 0C99370F1B750583000D6074 /* FullImageCollectionViewCell.swift */; };
		0C9937491B750583000D6074 /* GenericCollectionViewCell.swift in Sources */ = {isa = PBXBuildFile; fileRef = 0C9937101B750583000D6074 /* GenericCollectionViewCell.swift */; };
		0C99374A1B750583000D6074 /* HalfVerticalImageCollectionViewCell.swift in Sources */ = {isa = PBXBuildFile; fileRef = 0C9937111B750583000D6074 /* HalfVerticalImageCollectionViewCell.swift */; };
		0C99374B1B750583000D6074 /* HomePageCollectionViewLayout.swift in Sources */ = {isa = PBXBuildFile; fileRef = 0C9937121B750583000D6074 /* HomePageCollectionViewLayout.swift */; };
		0C99374C1B750583000D6074 /* LayoutHeaderCollectionViewCell.swift in Sources */ = {isa = PBXBuildFile; fileRef = 0C9937131B750583000D6074 /* LayoutHeaderCollectionViewCell.swift */; };
		0C99374D1B750583000D6074 /* NewSellerCollectionViewCell.swift in Sources */ = {isa = PBXBuildFile; fileRef = 0C9937141B750583000D6074 /* NewSellerCollectionViewCell.swift */; };
		0C99374E1B750583000D6074 /* NewSellerScrollableCollectionViewCell.swift in Sources */ = {isa = PBXBuildFile; fileRef = 0C9937151B750583000D6074 /* NewSellerScrollableCollectionViewCell.swift */; };
		0C99374F1B750583000D6074 /* ProductImageView.swift in Sources */ = {isa = PBXBuildFile; fileRef = 0C9937161B750583000D6074 /* ProductImageView.swift */; };
		0C9937501B750583000D6074 /* ProductitemWithVerticalDisplayCollectionViewCell.swift in Sources */ = {isa = PBXBuildFile; fileRef = 0C9937171B750583000D6074 /* ProductitemWithVerticalDisplayCollectionViewCell.swift */; };
		0C9937511B750583000D6074 /* ProductWithCenterNameCollectionViewCell.swift in Sources */ = {isa = PBXBuildFile; fileRef = 0C9937181B750583000D6074 /* ProductWithCenterNameCollectionViewCell.swift */; };
		0C9937521B750583000D6074 /* RoundedButton.swift in Sources */ = {isa = PBXBuildFile; fileRef = 0C9937191B750583000D6074 /* RoundedButton.swift */; };
		0C9937531B750583000D6074 /* RoundedImageView.swift in Sources */ = {isa = PBXBuildFile; fileRef = 0C99371A1B750583000D6074 /* RoundedImageView.swift */; };
		0C9937541B750583000D6074 /* RoundedLabel.swift in Sources */ = {isa = PBXBuildFile; fileRef = 0C99371B1B750583000D6074 /* RoundedLabel.swift */; };
		0C9937551B750583000D6074 /* ScrollableCollectionViewCell.swift in Sources */ = {isa = PBXBuildFile; fileRef = 0C99371C1B750583000D6074 /* ScrollableCollectionViewCell.swift */; };
		0C9937561B750583000D6074 /* SellerCollectionViewCell.swift in Sources */ = {isa = PBXBuildFile; fileRef = 0C99371D1B750583000D6074 /* SellerCollectionViewCell.swift */; };
		0C9937571B750583000D6074 /* SemiRoundedButton.swift in Sources */ = {isa = PBXBuildFile; fileRef = 0C99371E1B750583000D6074 /* SemiRoundedButton.swift */; };
		0C9937581B750583000D6074 /* TwoColumnGridCollectionViewCell.swift in Sources */ = {isa = PBXBuildFile; fileRef = 0C99371F1B750583000D6074 /* TwoColumnGridCollectionViewCell.swift */; };
		0C9937591B750583000D6074 /* VerticalImageCollectionViewCell.swift in Sources */ = {isa = PBXBuildFile; fileRef = 0C9937201B750583000D6074 /* VerticalImageCollectionViewCell.swift */; };
		0C99375A1B750583000D6074 /* ViewMoreFooterCollectionViewCell.swift in Sources */ = {isa = PBXBuildFile; fileRef = 0C9937211B750583000D6074 /* ViewMoreFooterCollectionViewCell.swift */; };
		0C99375B1B750583000D6074 /* CartViewController.swift in Sources */ = {isa = PBXBuildFile; fileRef = 0C9937231B750583000D6074 /* CartViewController.swift */; };
		0C99375C1B750583000D6074 /* CircularMenuViewController.swift in Sources */ = {isa = PBXBuildFile; fileRef = 0C9937241B750583000D6074 /* CircularMenuViewController.swift */; };
		0C99375D1B750583000D6074 /* HomeContainerViewController.swift in Sources */ = {isa = PBXBuildFile; fileRef = 0C9937251B750583000D6074 /* HomeContainerViewController.swift */; };
		0C99375E1B750583000D6074 /* HomePageCollectionViewController.swift in Sources */ = {isa = PBXBuildFile; fileRef = 0C9937261B750583000D6074 /* HomePageCollectionViewController.swift */; };
		0C99375F1B750583000D6074 /* SearchViewController.swift in Sources */ = {isa = PBXBuildFile; fileRef = 0C9937271B750583000D6074 /* SearchViewController.swift */; };
		0C9937601B750583000D6074 /* WishlistViewController.swift in Sources */ = {isa = PBXBuildFile; fileRef = 0C9937281B750583000D6074 /* WishlistViewController.swift */; };
		0C9937611B750583000D6074 /* FullImageCollectionViewCell.xib in Resources */ = {isa = PBXBuildFile; fileRef = 0C99372A1B750583000D6074 /* FullImageCollectionViewCell.xib */; };
		0C9937621B750583000D6074 /* HalfVerticalImageCollectionViewCell.xib in Resources */ = {isa = PBXBuildFile; fileRef = 0C99372B1B750583000D6074 /* HalfVerticalImageCollectionViewCell.xib */; };
		0C9937631B750583000D6074 /* LaunchScreen.xib in Resources */ = {isa = PBXBuildFile; fileRef = 0C99372C1B750583000D6074 /* LaunchScreen.xib */; };
		0C9937641B750583000D6074 /* LayoutHeaderCollectionViewCell.xib in Resources */ = {isa = PBXBuildFile; fileRef = 0C99372D1B750583000D6074 /* LayoutHeaderCollectionViewCell.xib */; };
		0C9937651B750583000D6074 /* NewSellerCollectionViewCell.xib in Resources */ = {isa = PBXBuildFile; fileRef = 0C99372E1B750583000D6074 /* NewSellerCollectionViewCell.xib */; };
		0C9937661B750583000D6074 /* NewSellerScrollableCollectionViewCell.xib in Resources */ = {isa = PBXBuildFile; fileRef = 0C99372F1B750583000D6074 /* NewSellerScrollableCollectionViewCell.xib */; };
		0C9937671B750583000D6074 /* ProductItemWithVerticalDisplayCollectionViewCell.xib in Resources */ = {isa = PBXBuildFile; fileRef = 0C9937301B750583000D6074 /* ProductItemWithVerticalDisplayCollectionViewCell.xib */; };
		0C9937681B750583000D6074 /* ProductWithCenterNameCollectionViewCell.xib in Resources */ = {isa = PBXBuildFile; fileRef = 0C9937311B750583000D6074 /* ProductWithCenterNameCollectionViewCell.xib */; };
		0C9937691B750583000D6074 /* ScrollableCollectionViewCell.xib in Resources */ = {isa = PBXBuildFile; fileRef = 0C9937321B750583000D6074 /* ScrollableCollectionViewCell.xib */; };
		0C99376A1B750583000D6074 /* SectionBackground.xib in Resources */ = {isa = PBXBuildFile; fileRef = 0C9937331B750583000D6074 /* SectionBackground.xib */; };
		0C99376B1B750583000D6074 /* SellerCollectionViewCell.xib in Resources */ = {isa = PBXBuildFile; fileRef = 0C9937341B750583000D6074 /* SellerCollectionViewCell.xib */; };
		0C99376C1B750583000D6074 /* TwoColumnGridCollectionViewCell.xib in Resources */ = {isa = PBXBuildFile; fileRef = 0C9937351B750583000D6074 /* TwoColumnGridCollectionViewCell.xib */; };
		0C99376D1B750583000D6074 /* VerticalImageCollectionViewCell.xib in Resources */ = {isa = PBXBuildFile; fileRef = 0C9937361B750583000D6074 /* VerticalImageCollectionViewCell.xib */; };
		0C99376E1B750583000D6074 /* ViewMoreFooterCollectionViewCell.xib in Resources */ = {isa = PBXBuildFile; fileRef = 0C9937371B750583000D6074 /* ViewMoreFooterCollectionViewCell.xib */; };
		0C9937711B75063B000D6074 /* AppDelegate.swift in Sources */ = {isa = PBXBuildFile; fileRef = 0C9937701B75063B000D6074 /* AppDelegate.swift */; };
		0CB9DB071B6A1E6600F2CA13 /* StartPageStoryBoard.storyboard in Resources */ = {isa = PBXBuildFile; fileRef = 0CB9DB061B6A1E6600F2CA13 /* StartPageStoryBoard.storyboard */; };
		0CB9DB391B6A3DC700F2CA13 /* StartPageViewController.swift in Sources */ = {isa = PBXBuildFile; fileRef = 0CB9DB381B6A3DC700F2CA13 /* StartPageViewController.swift */; };
		0CB9DB3B1B6A3EA100F2CA13 /* StarterContentPageViewController.swift in Sources */ = {isa = PBXBuildFile; fileRef = 0CB9DB3A1B6A3EA100F2CA13 /* StarterContentPageViewController.swift */; };
		0CC8A63B1B7B9BBF00C91425 /* FollowedSellerViewController.swift in Sources */ = {isa = PBXBuildFile; fileRef = 0CC8A6391B7B9BBF00C91425 /* FollowedSellerViewController.swift */; };
		0CC8A63C1B7B9BBF00C91425 /* FollowedSellerViewController.xib in Resources */ = {isa = PBXBuildFile; fileRef = 0CC8A63A1B7B9BBF00C91425 /* FollowedSellerViewController.xib */; };
		0CC8A63F1B7B9BF600C91425 /* ProfileViewController.swift in Sources */ = {isa = PBXBuildFile; fileRef = 0CC8A63D1B7B9BF600C91425 /* ProfileViewController.swift */; };
		0CC8A6401B7B9BF600C91425 /* ProfileViewController.xib in Resources */ = {isa = PBXBuildFile; fileRef = 0CC8A63E1B7B9BF600C91425 /* ProfileViewController.xib */; };
		0CDA117A1B760E1A007B5DED /* LoginViewController.swift in Sources */ = {isa = PBXBuildFile; fileRef = 0CDA11791B760E1A007B5DED /* LoginViewController.swift */; };
		0CDA117C1B764015007B5DED /* LoginAndRegisterContentViewController.swift in Sources */ = {isa = PBXBuildFile; fileRef = 0CDA117B1B764015007B5DED /* LoginAndRegisterContentViewController.swift */; };
		0CDA117E1B764B79007B5DED /* DynamicRoundedTextField.swift in Sources */ = {isa = PBXBuildFile; fileRef = 0CDA117D1B764B79007B5DED /* DynamicRoundedTextField.swift */; };
		0CE35EB81B76711400AAA8F1 /* RegisterViewController.swift in Sources */ = {isa = PBXBuildFile; fileRef = 0CE35EB71B76711400AAA8F1 /* RegisterViewController.swift */; };
		259317CFB9AE0C865DD7552C /* (null) in Frameworks */ = {isa = PBXBuildFile; };
		2632F5211B7F8690006931E4 /* FollowedSellerTableViewCell.swift in Sources */ = {isa = PBXBuildFile; fileRef = 2632F51F1B7F8690006931E4 /* FollowedSellerTableViewCell.swift */; };
		2632F5221B7F8690006931E4 /* FollowedSellerTableViewCell.xib in Resources */ = {isa = PBXBuildFile; fileRef = 2632F5201B7F8690006931E4 /* FollowedSellerTableViewCell.xib */; };
		2632F5241B7F8EFF006931E4 /* FollwedSellerModel.swift in Sources */ = {isa = PBXBuildFile; fileRef = 2632F5231B7F8EFF006931E4 /* FollwedSellerModel.swift */; };
		26AFB3931B79DD9100E50926 /* XibHelper.swift in Sources */ = {isa = PBXBuildFile; fileRef = 26AFB3921B79DD9100E50926 /* XibHelper.swift */; };
		26AFB39A1B79DDEA00E50926 /* ProductDetailsModel.swift in Sources */ = {isa = PBXBuildFile; fileRef = 26AFB3941B79DDEA00E50926 /* ProductDetailsModel.swift */; };
		26AFB39B1B79DDEA00E50926 /* ProductAttributeModel.swift in Sources */ = {isa = PBXBuildFile; fileRef = 26AFB3951B79DDEA00E50926 /* ProductAttributeModel.swift */; };
		26AFB39C1B79DDEA00E50926 /* ProductAvailableAttributeCombinationModel.swift in Sources */ = {isa = PBXBuildFile; fileRef = 26AFB3961B79DDEA00E50926 /* ProductAvailableAttributeCombinationModel.swift */; };
		26AFB39D1B79DDEA00E50926 /* ProductReviewModel.swift in Sources */ = {isa = PBXBuildFile; fileRef = 26AFB3971B79DDEA00E50926 /* ProductReviewModel.swift */; };
		26AFB39E1B79DDEA00E50926 /* ProductReviewsModel.swift in Sources */ = {isa = PBXBuildFile; fileRef = 26AFB3981B79DDEA00E50926 /* ProductReviewsModel.swift */; };
		26AFB39F1B79DDEA00E50926 /* ProductSellerModel.swift in Sources */ = {isa = PBXBuildFile; fileRef = 26AFB3991B79DDEA00E50926 /* ProductSellerModel.swift */; };
		26AFB3A81B79DE2900E50926 /* ProductImagesView.swift in Sources */ = {isa = PBXBuildFile; fileRef = 26AFB3A01B79DE2900E50926 /* ProductImagesView.swift */; };
		26AFB3A91B79DE2900E50926 /* ProductDescriptionView.swift in Sources */ = {isa = PBXBuildFile; fileRef = 26AFB3A11B79DE2900E50926 /* ProductDescriptionView.swift */; };
		26AFB3AA1B79DE2900E50926 /* ProductReviewHeaderView.swift in Sources */ = {isa = PBXBuildFile; fileRef = 26AFB3A21B79DE2900E50926 /* ProductReviewHeaderView.swift */; };
		26AFB3AB1B79DE2900E50926 /* ProductReviewFooterView.swift in Sources */ = {isa = PBXBuildFile; fileRef = 26AFB3A31B79DE2900E50926 /* ProductReviewFooterView.swift */; };
		26AFB3AC1B79DE2900E50926 /* ProductSellerView.swift in Sources */ = {isa = PBXBuildFile; fileRef = 26AFB3A41B79DE2900E50926 /* ProductSellerView.swift */; };
		26AFB3AD1B79DE2900E50926 /* ReviewTableViewCell.swift in Sources */ = {isa = PBXBuildFile; fileRef = 26AFB3A51B79DE2900E50926 /* ReviewTableViewCell.swift */; };
		26AFB3AE1B79DE2900E50926 /* ProductAttributeTableViewCell.swift in Sources */ = {isa = PBXBuildFile; fileRef = 26AFB3A61B79DE2900E50926 /* ProductAttributeTableViewCell.swift */; };
		26AFB3AF1B79DE2900E50926 /* ProductSellerViewCollectionViewCell.swift in Sources */ = {isa = PBXBuildFile; fileRef = 26AFB3A71B79DE2900E50926 /* ProductSellerViewCollectionViewCell.swift */; };
		26AFB3B51B79DE3800E50926 /* ProductViewController.swift in Sources */ = {isa = PBXBuildFile; fileRef = 26AFB3B01B79DE3800E50926 /* ProductViewController.swift */; };
		26AFB3B61B79DE3800E50926 /* ProductViewsViewController.swift in Sources */ = {isa = PBXBuildFile; fileRef = 26AFB3B11B79DE3800E50926 /* ProductViewsViewController.swift */; };
		26AFB3B71B79DE3800E50926 /* ProductAttributeViewController.swift in Sources */ = {isa = PBXBuildFile; fileRef = 26AFB3B21B79DE3800E50926 /* ProductAttributeViewController.swift */; };
		26AFB3B81B79DE3800E50926 /* ProductReviewViewController.swift in Sources */ = {isa = PBXBuildFile; fileRef = 26AFB3B31B79DE3800E50926 /* ProductReviewViewController.swift */; };
		26AFB3B91B79DE3800E50926 /* ProductDescriptionViewController.swift in Sources */ = {isa = PBXBuildFile; fileRef = 26AFB3B41B79DE3800E50926 /* ProductDescriptionViewController.swift */; };
		26AFB3BF1B79DE5600E50926 /* ProductViewController.xib in Resources */ = {isa = PBXBuildFile; fileRef = 26AFB3BA1B79DE5600E50926 /* ProductViewController.xib */; };
		26AFB3C01B79DE5600E50926 /* ProductViewsViewController.xib in Resources */ = {isa = PBXBuildFile; fileRef = 26AFB3BB1B79DE5600E50926 /* ProductViewsViewController.xib */; };
		26AFB3C11B79DE5600E50926 /* ProductReviewViewController.xib in Resources */ = {isa = PBXBuildFile; fileRef = 26AFB3BC1B79DE5600E50926 /* ProductReviewViewController.xib */; };
		26AFB3C21B79DE5600E50926 /* ProductAttributeViewController.xib in Resources */ = {isa = PBXBuildFile; fileRef = 26AFB3BD1B79DE5600E50926 /* ProductAttributeViewController.xib */; };
		26AFB3C31B79DE5600E50926 /* ProductDescriptionViewController.xib in Resources */ = {isa = PBXBuildFile; fileRef = 26AFB3BE1B79DE5600E50926 /* ProductDescriptionViewController.xib */; };
		26AFB3C81B79DE5C00E50926 /* ReviewTableViewCell.xib in Resources */ = {isa = PBXBuildFile; fileRef = 26AFB3C41B79DE5C00E50926 /* ReviewTableViewCell.xib */; };
		26AFB3C91B79DE5C00E50926 /* ProductAttributeTableViewCell.xib in Resources */ = {isa = PBXBuildFile; fileRef = 26AFB3C51B79DE5C00E50926 /* ProductAttributeTableViewCell.xib */; };
		26AFB3CA1B79DE5C00E50926 /* ProductAttributeCollectionViewCell.xib in Resources */ = {isa = PBXBuildFile; fileRef = 26AFB3C61B79DE5C00E50926 /* ProductAttributeCollectionViewCell.xib */; };
		26AFB3CB1B79DE5C00E50926 /* ProductSellerViewCollectionViewCell.xib in Resources */ = {isa = PBXBuildFile; fileRef = 26AFB3C71B79DE5C00E50926 /* ProductSellerViewCollectionViewCell.xib */; };
		797D490F1B7A509300617F6B /* CartTableViewCell.swift in Sources */ = {isa = PBXBuildFile; fileRef = 797D490E1B7A509300617F6B /* CartTableViewCell.swift */; };
		797D49111B7A50BA00617F6B /* CartTableViewCell.xib in Resources */ = {isa = PBXBuildFile; fileRef = 797D49101B7A50BA00617F6B /* CartTableViewCell.xib */; };
		7987F3181B7B744A00B02DF4 /* WishlistTableViewCell.swift in Sources */ = {isa = PBXBuildFile; fileRef = 7987F3171B7B744A00B02DF4 /* WishlistTableViewCell.swift */; };
		7987F31A1B7B746000B02DF4 /* WishlistTableViewCell.xib in Resources */ = {isa = PBXBuildFile; fileRef = 7987F3191B7B746000B02DF4 /* WishlistTableViewCell.xib */; };
		79A1C6ED1B8329200043AA36 /* SearchSuggestionModel.swift in Sources */ = {isa = PBXBuildFile; fileRef = 79A1C6EC1B8329200043AA36 /* SearchSuggestionModel.swift */; };
		79A1C6EF1B8329390043AA36 /* SearchSuggestionTableViewCell.swift in Sources */ = {isa = PBXBuildFile; fileRef = 79A1C6EE1B8329390043AA36 /* SearchSuggestionTableViewCell.swift */; };
		79A1C6F11B8329490043AA36 /* SearchSuggestionTableViewCell.xib in Resources */ = {isa = PBXBuildFile; fileRef = 79A1C6F01B8329490043AA36 /* SearchSuggestionTableViewCell.xib */; };
		79A1C6F31B83574A0043AA36 /* ProductResultListCollectionViewCell.xib in Resources */ = {isa = PBXBuildFile; fileRef = 79A1C6F21B83574A0043AA36 /* ProductResultListCollectionViewCell.xib */; };
		79A1C6F51B8357BA0043AA36 /* ProductResultListCollectionViewCell.swift in Sources */ = {isa = PBXBuildFile; fileRef = 79A1C6F41B8357BA0043AA36 /* ProductResultListCollectionViewCell.swift */; };
		79A1C6F71B835A090043AA36 /* ProductResultGridCollectionViewCell.xib in Resources */ = {isa = PBXBuildFile; fileRef = 79A1C6F61B835A090043AA36 /* ProductResultGridCollectionViewCell.xib */; };
		79A1C6F91B835BB50043AA36 /* ProductResultGridCollectionViewCell.swift in Sources */ = {isa = PBXBuildFile; fileRef = 79A1C6F81B835BB50043AA36 /* ProductResultGridCollectionViewCell.swift */; };
		79A1C6FB1B83787B0043AA36 /* SellerResultCollectionViewCell.xib in Resources */ = {isa = PBXBuildFile; fileRef = 79A1C6FA1B83787B0043AA36 /* SellerResultCollectionViewCell.xib */; };
		79A1C6FD1B8385310043AA36 /* SellerResultCollectionViewCell.swift in Sources */ = {isa = PBXBuildFile; fileRef = 79A1C6FC1B8385310043AA36 /* SellerResultCollectionViewCell.swift */; };
		79F0DD9C1B7B17D500EB8053 /* CartModel.swift in Sources */ = {isa = PBXBuildFile; fileRef = 79F0DD9B1B7B17D500EB8053 /* CartModel.swift */; };
		79F0DD9E1B7B24CB00EB8053 /* CartProductDetailsModel.swift in Sources */ = {isa = PBXBuildFile; fileRef = 79F0DD9D1B7B24CB00EB8053 /* CartProductDetailsModel.swift */; };
		79F417761B7C3ADB0047D02D /* CartProductAttributeViewController.swift in Sources */ = {isa = PBXBuildFile; fileRef = 79F417741B7C3ADB0047D02D /* CartProductAttributeViewController.swift */; };
		79F417771B7C3ADB0047D02D /* CartProductAttributeViewController.xib in Resources */ = {isa = PBXBuildFile; fileRef = 79F417751B7C3ADB0047D02D /* CartProductAttributeViewController.xib */; };
		B01A2CC32988CDE866ACAB7A /* libPods.a in Frameworks */ = {isa = PBXBuildFile; fileRef = 2D31E898308E33AE05EA53AC /* libPods.a */; };
/* End PBXBuildFile section */

/* Begin PBXContainerItemProxy section */
		0C8A7C841B6772670039F013 /* PBXContainerItemProxy */ = {
			isa = PBXContainerItemProxy;
			containerPortal = 0C8A7C661B6772670039F013 /* Project object */;
			proxyType = 1;
			remoteGlobalIDString = 0C8A7C6D1B6772670039F013;
			remoteInfo = YiLinkerOnlineBuyer;
		};
/* End PBXContainerItemProxy section */

/* Begin PBXFileReference section */
		081427E2B6C708A40D908245 /* Pods.release.xcconfig */ = {isa = PBXFileReference; includeInIndex = 1; lastKnownFileType = text.xcconfig; name = Pods.release.xcconfig; path = "Pods/Target Support Files/Pods/Pods.release.xcconfig"; sourceTree = "<group>"; };
		0C25D94D1B76F81A00E9EFA6 /* YiLinkerOnlineBuyer-Bridging-Header.h */ = {isa = PBXFileReference; fileEncoding = 4; lastKnownFileType = sourcecode.c.h; path = "YiLinkerOnlineBuyer-Bridging-Header.h"; sourceTree = "<group>"; };
		0C2670CC1B77290200394E29 /* GoogleService-Info.plist */ = {isa = PBXFileReference; fileEncoding = 4; lastKnownFileType = text.plist.xml; path = "GoogleService-Info.plist"; sourceTree = "<group>"; };
		0C2670CE1B772E4B00394E29 /* Enums.swift */ = {isa = PBXFileReference; fileEncoding = 4; lastKnownFileType = sourcecode.swift; path = Enums.swift; sourceTree = "<group>"; };
		0C329E721B7B2A71005BE2B6 /* Reachability.swift */ = {isa = PBXFileReference; fileEncoding = 4; lastKnownFileType = sourcecode.swift; path = Reachability.swift; sourceTree = "<group>"; };
		0C329E741B7B2D32005BE2B6 /* RegisterModel.swift */ = {isa = PBXFileReference; fileEncoding = 4; lastKnownFileType = sourcecode.swift; path = RegisterModel.swift; sourceTree = "<group>"; };
		0C329E761B7B47DC005BE2B6 /* EmptyView.xib */ = {isa = PBXFileReference; fileEncoding = 4; lastKnownFileType = file.xib; path = EmptyView.xib; sourceTree = "<group>"; };
		0C329E781B7B47FF005BE2B6 /* EmptyView.swift */ = {isa = PBXFileReference; fileEncoding = 4; lastKnownFileType = sourcecode.swift; path = EmptyView.swift; sourceTree = "<group>"; };
		0C329E7A1B7B7353005BE2B6 /* HelpViewController.swift */ = {isa = PBXFileReference; fileEncoding = 4; lastKnownFileType = sourcecode.swift; path = HelpViewController.swift; sourceTree = "<group>"; };
		0C329E7B1B7B7353005BE2B6 /* HelpViewController.xib */ = {isa = PBXFileReference; fileEncoding = 4; lastKnownFileType = file.xib; name = HelpViewController.xib; path = ../ViewController/HelpViewController.xib; sourceTree = "<group>"; };
		0C329E7E1B7B7376005BE2B6 /* MessagingViewController.swift */ = {isa = PBXFileReference; fileEncoding = 4; lastKnownFileType = sourcecode.swift; path = MessagingViewController.swift; sourceTree = "<group>"; };
		0C329E7F1B7B7376005BE2B6 /* MessagingViewController.xib */ = {isa = PBXFileReference; fileEncoding = 4; lastKnownFileType = file.xib; name = MessagingViewController.xib; path = ../ViewController/MessagingViewController.xib; sourceTree = "<group>"; };
		0C329E821B7B738E005BE2B6 /* CustomizeShoppingViewController.swift */ = {isa = PBXFileReference; fileEncoding = 4; lastKnownFileType = sourcecode.swift; path = CustomizeShoppingViewController.swift; sourceTree = "<group>"; };
		0C329E831B7B738E005BE2B6 /* CustomizeShoppingViewController.xib */ = {isa = PBXFileReference; fileEncoding = 4; lastKnownFileType = file.xib; name = CustomizeShoppingViewController.xib; path = ../ViewController/CustomizeShoppingViewController.xib; sourceTree = "<group>"; };
		0C329E861B7B73A4005BE2B6 /* TodaysPromoViewController.swift */ = {isa = PBXFileReference; fileEncoding = 4; lastKnownFileType = sourcecode.swift; path = TodaysPromoViewController.swift; sourceTree = "<group>"; };
		0C329E871B7B73A4005BE2B6 /* TodaysPromoViewController.xib */ = {isa = PBXFileReference; fileEncoding = 4; lastKnownFileType = file.xib; name = TodaysPromoViewController.xib; path = ../ViewController/TodaysPromoViewController.xib; sourceTree = "<group>"; };
		0C329E8A1B7B73B7005BE2B6 /* CategoriesViewController.swift */ = {isa = PBXFileReference; fileEncoding = 4; lastKnownFileType = sourcecode.swift; path = CategoriesViewController.swift; sourceTree = "<group>"; };
		0C329E8B1B7B73B7005BE2B6 /* CategoriesViewController.xib */ = {isa = PBXFileReference; fileEncoding = 4; lastKnownFileType = file.xib; name = CategoriesViewController.xib; path = ../ViewController/CategoriesViewController.xib; sourceTree = "<group>"; };
		0C329E921B7B7B2F005BE2B6 /* HiddenViewController.swift */ = {isa = PBXFileReference; fileEncoding = 4; lastKnownFileType = sourcecode.swift; path = HiddenViewController.swift; sourceTree = "<group>"; };
		0C329E941B7B7C5B005BE2B6 /* CustomTabBarController.swift */ = {isa = PBXFileReference; fileEncoding = 4; lastKnownFileType = sourcecode.swift; path = CustomTabBarController.swift; sourceTree = "<group>"; };
		0C5111D31B81CD69002F0001 /* SellerViewController.swift */ = {isa = PBXFileReference; fileEncoding = 4; lastKnownFileType = sourcecode.swift; path = SellerViewController.swift; sourceTree = "<group>"; };
		0C5111D41B81CD69002F0001 /* SellerViewController.xib */ = {isa = PBXFileReference; fileEncoding = 4; lastKnownFileType = file.xib; name = SellerViewController.xib; path = ../ViewController/SellerViewController.xib; sourceTree = "<group>"; };
		0C5111D71B81CEE7002F0001 /* SellerTableHeaderView.swift */ = {isa = PBXFileReference; fileEncoding = 4; lastKnownFileType = sourcecode.swift; path = SellerTableHeaderView.swift; sourceTree = "<group>"; };
		0C5111D91B81CEFE002F0001 /* SellerTableHeaderView.xib */ = {isa = PBXFileReference; fileEncoding = 4; lastKnownFileType = file.xib; path = SellerTableHeaderView.xib; sourceTree = "<group>"; };
		0C5111DB1B81F21A002F0001 /* AboutSellerTableViewCell.swift */ = {isa = PBXFileReference; fileEncoding = 4; lastKnownFileType = sourcecode.swift; path = AboutSellerTableViewCell.swift; sourceTree = "<group>"; };
		0C5111DC1B81F21A002F0001 /* AboutSellerTableViewCell.xib */ = {isa = PBXFileReference; fileEncoding = 4; lastKnownFileType = file.xib; name = AboutSellerTableViewCell.xib; path = ../View/AboutSellerTableViewCell.xib; sourceTree = "<group>"; };
		0C5111DF1B8207C7002F0001 /* ProductsTableViewCell.swift */ = {isa = PBXFileReference; fileEncoding = 4; lastKnownFileType = sourcecode.swift; path = ProductsTableViewCell.swift; sourceTree = "<group>"; };
		0C5111E01B8207C7002F0001 /* ProductsTableViewCell.xib */ = {isa = PBXFileReference; fileEncoding = 4; lastKnownFileType = file.xib; name = ProductsTableViewCell.xib; path = ../View/ProductsTableViewCell.xib; sourceTree = "<group>"; };
		0C5111E31B8211B6002F0001 /* GeneralRatingTableViewCell.swift */ = {isa = PBXFileReference; fileEncoding = 4; lastKnownFileType = sourcecode.swift; path = GeneralRatingTableViewCell.swift; sourceTree = "<group>"; };
		0C5111E41B8211B6002F0001 /* GeneralRatingTableViewCell.xib */ = {isa = PBXFileReference; fileEncoding = 4; lastKnownFileType = file.xib; path = GeneralRatingTableViewCell.xib; sourceTree = "<group>"; };
		0C5111E71B821D6F002F0001 /* SeeMoreTableViewCell.swift */ = {isa = PBXFileReference; fileEncoding = 4; lastKnownFileType = sourcecode.swift; path = SeeMoreTableViewCell.swift; sourceTree = "<group>"; };
		0C5111E81B821D6F002F0001 /* SeeMoreTableViewCell.xib */ = {isa = PBXFileReference; fileEncoding = 4; lastKnownFileType = file.xib; path = SeeMoreTableViewCell.xib; sourceTree = "<group>"; };
		0C5925FF1B8327BA0021EA76 /* ResultViewController.swift */ = {isa = PBXFileReference; fileEncoding = 4; lastKnownFileType = sourcecode.swift; path = ResultViewController.swift; sourceTree = "<group>"; };
		0C5926001B8327BA0021EA76 /* ResultViewController.xib */ = {isa = PBXFileReference; fileEncoding = 4; lastKnownFileType = file.xib; name = ResultViewController.xib; path = ../ViewController/ResultViewController.xib; sourceTree = "<group>"; };
		0C5926031B836C670021EA76 /* ProfileModel.swift */ = {isa = PBXFileReference; fileEncoding = 4; lastKnownFileType = sourcecode.swift; path = ProfileModel.swift; sourceTree = "<group>"; };
		0C5926051B836EA30021EA76 /* AddressModel.swift */ = {isa = PBXFileReference; fileEncoding = 4; lastKnownFileType = sourcecode.swift; path = AddressModel.swift; sourceTree = "<group>"; };
		0C6490751B7781E400F88F92 /* Category.swift */ = {isa = PBXFileReference; fileEncoding = 4; lastKnownFileType = sourcecode.swift; path = Category.swift; sourceTree = "<group>"; };
		0C8A7C6E1B6772670039F013 /* YiLinkerOnlineBuyer.app */ = {isa = PBXFileReference; explicitFileType = wrapper.application; includeInIndex = 0; path = YiLinkerOnlineBuyer.app; sourceTree = BUILT_PRODUCTS_DIR; };
		0C8A7C721B6772670039F013 /* Info.plist */ = {isa = PBXFileReference; lastKnownFileType = text.plist.xml; path = Info.plist; sourceTree = "<group>"; };
		0C8A7C7A1B6772670039F013 /* Images.xcassets */ = {isa = PBXFileReference; lastKnownFileType = folder.assetcatalog; path = Images.xcassets; sourceTree = "<group>"; };
		0C8A7C831B6772670039F013 /* YiLinkerOnlineBuyerTests.xctest */ = {isa = PBXFileReference; explicitFileType = wrapper.cfbundle; includeInIndex = 0; path = YiLinkerOnlineBuyerTests.xctest; sourceTree = BUILT_PRODUCTS_DIR; };
		0C8A7C881B6772670039F013 /* Info.plist */ = {isa = PBXFileReference; lastKnownFileType = text.plist.xml; path = Info.plist; sourceTree = "<group>"; };
		0C8A7C891B6772670039F013 /* YiLinkerOnlineBuyerTests.swift */ = {isa = PBXFileReference; lastKnownFileType = sourcecode.swift; path = YiLinkerOnlineBuyerTests.swift; sourceTree = "<group>"; };
		0C9936FC1B750583000D6074 /* dummyHome.json */ = {isa = PBXFileReference; fileEncoding = 4; lastKnownFileType = text.json; path = dummyHome.json; sourceTree = "<group>"; };
		0C9936FE1B750583000D6074 /* APIManager.swift */ = {isa = PBXFileReference; fileEncoding = 4; lastKnownFileType = sourcecode.swift; path = APIManager.swift; sourceTree = "<group>"; };
		0C9936FF1B750583000D6074 /* Constants.swift */ = {isa = PBXFileReference; fileEncoding = 4; lastKnownFileType = sourcecode.swift; path = Constants.swift; sourceTree = "<group>"; };
		0C9937001B750583000D6074 /* HexaColor.swift */ = {isa = PBXFileReference; fileEncoding = 4; lastKnownFileType = sourcecode.swift; path = HexaColor.swift; sourceTree = "<group>"; };
		0C9937011B750583000D6074 /* IPhoneType.swift */ = {isa = PBXFileReference; fileEncoding = 4; lastKnownFileType = sourcecode.swift; path = IPhoneType.swift; sourceTree = "<group>"; };
		0C9937021B750583000D6074 /* ParseLocalJSON.swift */ = {isa = PBXFileReference; fileEncoding = 4; lastKnownFileType = sourcecode.swift; path = ParseLocalJSON.swift; sourceTree = "<group>"; };
		0C9937031B750583000D6074 /* SessionManager.swift */ = {isa = PBXFileReference; fileEncoding = 4; lastKnownFileType = sourcecode.swift; path = SessionManager.swift; sourceTree = "<group>"; };
		0C9937051B750583000D6074 /* HomePageProductModel.swift */ = {isa = PBXFileReference; fileEncoding = 4; lastKnownFileType = sourcecode.swift; path = HomePageProductModel.swift; sourceTree = "<group>"; };
		0C9937061B750583000D6074 /* ProductModel.swift */ = {isa = PBXFileReference; fileEncoding = 4; lastKnownFileType = sourcecode.swift; path = ProductModel.swift; sourceTree = "<group>"; };
		0C9937071B750583000D6074 /* SellerModel.swift */ = {isa = PBXFileReference; fileEncoding = 4; lastKnownFileType = sourcecode.swift; path = SellerModel.swift; sourceTree = "<group>"; };
		0C9937091B750583000D6074 /* HomeStoryBoard.storyboard */ = {isa = PBXFileReference; fileEncoding = 4; lastKnownFileType = file.storyboard; path = HomeStoryBoard.storyboard; sourceTree = "<group>"; };
		0C99370C1B750583000D6074 /* DiscountLabel.swift */ = {isa = PBXFileReference; fileEncoding = 4; lastKnownFileType = sourcecode.swift; path = DiscountLabel.swift; sourceTree = "<group>"; };
		0C99370D1B750583000D6074 /* DynamicRoundedButton.swift */ = {isa = PBXFileReference; fileEncoding = 4; lastKnownFileType = sourcecode.swift; path = DynamicRoundedButton.swift; sourceTree = "<group>"; };
		0C99370E1B750583000D6074 /* DynamicRoundedLabel.swift */ = {isa = PBXFileReference; fileEncoding = 4; lastKnownFileType = sourcecode.swift; path = DynamicRoundedLabel.swift; sourceTree = "<group>"; };
		0C99370F1B750583000D6074 /* FullImageCollectionViewCell.swift */ = {isa = PBXFileReference; fileEncoding = 4; lastKnownFileType = sourcecode.swift; path = FullImageCollectionViewCell.swift; sourceTree = "<group>"; };
		0C9937101B750583000D6074 /* GenericCollectionViewCell.swift */ = {isa = PBXFileReference; fileEncoding = 4; lastKnownFileType = sourcecode.swift; path = GenericCollectionViewCell.swift; sourceTree = "<group>"; };
		0C9937111B750583000D6074 /* HalfVerticalImageCollectionViewCell.swift */ = {isa = PBXFileReference; fileEncoding = 4; lastKnownFileType = sourcecode.swift; path = HalfVerticalImageCollectionViewCell.swift; sourceTree = "<group>"; };
		0C9937121B750583000D6074 /* HomePageCollectionViewLayout.swift */ = {isa = PBXFileReference; fileEncoding = 4; lastKnownFileType = sourcecode.swift; path = HomePageCollectionViewLayout.swift; sourceTree = "<group>"; };
		0C9937131B750583000D6074 /* LayoutHeaderCollectionViewCell.swift */ = {isa = PBXFileReference; fileEncoding = 4; lastKnownFileType = sourcecode.swift; path = LayoutHeaderCollectionViewCell.swift; sourceTree = "<group>"; };
		0C9937141B750583000D6074 /* NewSellerCollectionViewCell.swift */ = {isa = PBXFileReference; fileEncoding = 4; lastKnownFileType = sourcecode.swift; path = NewSellerCollectionViewCell.swift; sourceTree = "<group>"; };
		0C9937151B750583000D6074 /* NewSellerScrollableCollectionViewCell.swift */ = {isa = PBXFileReference; fileEncoding = 4; lastKnownFileType = sourcecode.swift; path = NewSellerScrollableCollectionViewCell.swift; sourceTree = "<group>"; };
		0C9937161B750583000D6074 /* ProductImageView.swift */ = {isa = PBXFileReference; fileEncoding = 4; lastKnownFileType = sourcecode.swift; path = ProductImageView.swift; sourceTree = "<group>"; };
		0C9937171B750583000D6074 /* ProductitemWithVerticalDisplayCollectionViewCell.swift */ = {isa = PBXFileReference; fileEncoding = 4; lastKnownFileType = sourcecode.swift; path = ProductitemWithVerticalDisplayCollectionViewCell.swift; sourceTree = "<group>"; };
		0C9937181B750583000D6074 /* ProductWithCenterNameCollectionViewCell.swift */ = {isa = PBXFileReference; fileEncoding = 4; lastKnownFileType = sourcecode.swift; path = ProductWithCenterNameCollectionViewCell.swift; sourceTree = "<group>"; };
		0C9937191B750583000D6074 /* RoundedButton.swift */ = {isa = PBXFileReference; fileEncoding = 4; lastKnownFileType = sourcecode.swift; path = RoundedButton.swift; sourceTree = "<group>"; };
		0C99371A1B750583000D6074 /* RoundedImageView.swift */ = {isa = PBXFileReference; fileEncoding = 4; lastKnownFileType = sourcecode.swift; path = RoundedImageView.swift; sourceTree = "<group>"; };
		0C99371B1B750583000D6074 /* RoundedLabel.swift */ = {isa = PBXFileReference; fileEncoding = 4; lastKnownFileType = sourcecode.swift; path = RoundedLabel.swift; sourceTree = "<group>"; };
		0C99371C1B750583000D6074 /* ScrollableCollectionViewCell.swift */ = {isa = PBXFileReference; fileEncoding = 4; lastKnownFileType = sourcecode.swift; path = ScrollableCollectionViewCell.swift; sourceTree = "<group>"; };
		0C99371D1B750583000D6074 /* SellerCollectionViewCell.swift */ = {isa = PBXFileReference; fileEncoding = 4; lastKnownFileType = sourcecode.swift; path = SellerCollectionViewCell.swift; sourceTree = "<group>"; };
		0C99371E1B750583000D6074 /* SemiRoundedButton.swift */ = {isa = PBXFileReference; fileEncoding = 4; lastKnownFileType = sourcecode.swift; path = SemiRoundedButton.swift; sourceTree = "<group>"; };
		0C99371F1B750583000D6074 /* TwoColumnGridCollectionViewCell.swift */ = {isa = PBXFileReference; fileEncoding = 4; lastKnownFileType = sourcecode.swift; path = TwoColumnGridCollectionViewCell.swift; sourceTree = "<group>"; };
		0C9937201B750583000D6074 /* VerticalImageCollectionViewCell.swift */ = {isa = PBXFileReference; fileEncoding = 4; lastKnownFileType = sourcecode.swift; path = VerticalImageCollectionViewCell.swift; sourceTree = "<group>"; };
		0C9937211B750583000D6074 /* ViewMoreFooterCollectionViewCell.swift */ = {isa = PBXFileReference; fileEncoding = 4; lastKnownFileType = sourcecode.swift; path = ViewMoreFooterCollectionViewCell.swift; sourceTree = "<group>"; };
		0C9937231B750583000D6074 /* CartViewController.swift */ = {isa = PBXFileReference; fileEncoding = 4; lastKnownFileType = sourcecode.swift; path = CartViewController.swift; sourceTree = "<group>"; };
		0C9937241B750583000D6074 /* CircularMenuViewController.swift */ = {isa = PBXFileReference; fileEncoding = 4; lastKnownFileType = sourcecode.swift; path = CircularMenuViewController.swift; sourceTree = "<group>"; };
		0C9937251B750583000D6074 /* HomeContainerViewController.swift */ = {isa = PBXFileReference; fileEncoding = 4; lastKnownFileType = sourcecode.swift; path = HomeContainerViewController.swift; sourceTree = "<group>"; };
		0C9937261B750583000D6074 /* HomePageCollectionViewController.swift */ = {isa = PBXFileReference; fileEncoding = 4; lastKnownFileType = sourcecode.swift; path = HomePageCollectionViewController.swift; sourceTree = "<group>"; };
		0C9937271B750583000D6074 /* SearchViewController.swift */ = {isa = PBXFileReference; fileEncoding = 4; lastKnownFileType = sourcecode.swift; path = SearchViewController.swift; sourceTree = "<group>"; };
		0C9937281B750583000D6074 /* WishlistViewController.swift */ = {isa = PBXFileReference; fileEncoding = 4; lastKnownFileType = sourcecode.swift; path = WishlistViewController.swift; sourceTree = "<group>"; };
		0C99372A1B750583000D6074 /* FullImageCollectionViewCell.xib */ = {isa = PBXFileReference; fileEncoding = 4; lastKnownFileType = file.xib; path = FullImageCollectionViewCell.xib; sourceTree = "<group>"; };
		0C99372B1B750583000D6074 /* HalfVerticalImageCollectionViewCell.xib */ = {isa = PBXFileReference; fileEncoding = 4; lastKnownFileType = file.xib; path = HalfVerticalImageCollectionViewCell.xib; sourceTree = "<group>"; };
		0C99372C1B750583000D6074 /* LaunchScreen.xib */ = {isa = PBXFileReference; fileEncoding = 4; lastKnownFileType = file.xib; path = LaunchScreen.xib; sourceTree = "<group>"; };
		0C99372D1B750583000D6074 /* LayoutHeaderCollectionViewCell.xib */ = {isa = PBXFileReference; fileEncoding = 4; lastKnownFileType = file.xib; path = LayoutHeaderCollectionViewCell.xib; sourceTree = "<group>"; };
		0C99372E1B750583000D6074 /* NewSellerCollectionViewCell.xib */ = {isa = PBXFileReference; fileEncoding = 4; lastKnownFileType = file.xib; path = NewSellerCollectionViewCell.xib; sourceTree = "<group>"; };
		0C99372F1B750583000D6074 /* NewSellerScrollableCollectionViewCell.xib */ = {isa = PBXFileReference; fileEncoding = 4; lastKnownFileType = file.xib; path = NewSellerScrollableCollectionViewCell.xib; sourceTree = "<group>"; };
		0C9937301B750583000D6074 /* ProductItemWithVerticalDisplayCollectionViewCell.xib */ = {isa = PBXFileReference; fileEncoding = 4; lastKnownFileType = file.xib; path = ProductItemWithVerticalDisplayCollectionViewCell.xib; sourceTree = "<group>"; };
		0C9937311B750583000D6074 /* ProductWithCenterNameCollectionViewCell.xib */ = {isa = PBXFileReference; fileEncoding = 4; lastKnownFileType = file.xib; path = ProductWithCenterNameCollectionViewCell.xib; sourceTree = "<group>"; };
		0C9937321B750583000D6074 /* ScrollableCollectionViewCell.xib */ = {isa = PBXFileReference; fileEncoding = 4; lastKnownFileType = file.xib; path = ScrollableCollectionViewCell.xib; sourceTree = "<group>"; };
		0C9937331B750583000D6074 /* SectionBackground.xib */ = {isa = PBXFileReference; fileEncoding = 4; lastKnownFileType = file.xib; path = SectionBackground.xib; sourceTree = "<group>"; };
		0C9937341B750583000D6074 /* SellerCollectionViewCell.xib */ = {isa = PBXFileReference; fileEncoding = 4; lastKnownFileType = file.xib; path = SellerCollectionViewCell.xib; sourceTree = "<group>"; };
		0C9937351B750583000D6074 /* TwoColumnGridCollectionViewCell.xib */ = {isa = PBXFileReference; fileEncoding = 4; lastKnownFileType = file.xib; path = TwoColumnGridCollectionViewCell.xib; sourceTree = "<group>"; };
		0C9937361B750583000D6074 /* VerticalImageCollectionViewCell.xib */ = {isa = PBXFileReference; fileEncoding = 4; lastKnownFileType = file.xib; path = VerticalImageCollectionViewCell.xib; sourceTree = "<group>"; };
		0C9937371B750583000D6074 /* ViewMoreFooterCollectionViewCell.xib */ = {isa = PBXFileReference; fileEncoding = 4; lastKnownFileType = file.xib; path = ViewMoreFooterCollectionViewCell.xib; sourceTree = "<group>"; };
		0C9937701B75063B000D6074 /* AppDelegate.swift */ = {isa = PBXFileReference; fileEncoding = 4; lastKnownFileType = sourcecode.swift; path = AppDelegate.swift; sourceTree = "<group>"; };
		0CB9DB061B6A1E6600F2CA13 /* StartPageStoryBoard.storyboard */ = {isa = PBXFileReference; fileEncoding = 4; lastKnownFileType = file.storyboard; path = StartPageStoryBoard.storyboard; sourceTree = "<group>"; };
		0CB9DB381B6A3DC700F2CA13 /* StartPageViewController.swift */ = {isa = PBXFileReference; fileEncoding = 4; lastKnownFileType = sourcecode.swift; path = StartPageViewController.swift; sourceTree = "<group>"; };
		0CB9DB3A1B6A3EA100F2CA13 /* StarterContentPageViewController.swift */ = {isa = PBXFileReference; fileEncoding = 4; lastKnownFileType = sourcecode.swift; path = StarterContentPageViewController.swift; sourceTree = "<group>"; };
		0CC8A6391B7B9BBF00C91425 /* FollowedSellerViewController.swift */ = {isa = PBXFileReference; fileEncoding = 4; lastKnownFileType = sourcecode.swift; path = FollowedSellerViewController.swift; sourceTree = "<group>"; };
		0CC8A63A1B7B9BBF00C91425 /* FollowedSellerViewController.xib */ = {isa = PBXFileReference; fileEncoding = 4; lastKnownFileType = file.xib; name = FollowedSellerViewController.xib; path = ../ViewController/FollowedSellerViewController.xib; sourceTree = "<group>"; };
		0CC8A63D1B7B9BF600C91425 /* ProfileViewController.swift */ = {isa = PBXFileReference; fileEncoding = 4; lastKnownFileType = sourcecode.swift; path = ProfileViewController.swift; sourceTree = "<group>"; };
		0CC8A63E1B7B9BF600C91425 /* ProfileViewController.xib */ = {isa = PBXFileReference; fileEncoding = 4; lastKnownFileType = file.xib; name = ProfileViewController.xib; path = ../ViewController/ProfileViewController.xib; sourceTree = "<group>"; };
		0CDA11791B760E1A007B5DED /* LoginViewController.swift */ = {isa = PBXFileReference; fileEncoding = 4; lastKnownFileType = sourcecode.swift; path = LoginViewController.swift; sourceTree = "<group>"; };
		0CDA117B1B764015007B5DED /* LoginAndRegisterContentViewController.swift */ = {isa = PBXFileReference; fileEncoding = 4; lastKnownFileType = sourcecode.swift; path = LoginAndRegisterContentViewController.swift; sourceTree = "<group>"; };
		0CDA117D1B764B79007B5DED /* DynamicRoundedTextField.swift */ = {isa = PBXFileReference; fileEncoding = 4; lastKnownFileType = sourcecode.swift; path = DynamicRoundedTextField.swift; sourceTree = "<group>"; };
		0CE35EB71B76711400AAA8F1 /* RegisterViewController.swift */ = {isa = PBXFileReference; fileEncoding = 4; lastKnownFileType = sourcecode.swift; path = RegisterViewController.swift; sourceTree = "<group>"; };
		2632F51F1B7F8690006931E4 /* FollowedSellerTableViewCell.swift */ = {isa = PBXFileReference; fileEncoding = 4; lastKnownFileType = sourcecode.swift; name = FollowedSellerTableViewCell.swift; path = YiLinkerOnlineBuyer/resources/ViewController/FollowedSellerTableViewCell.swift; sourceTree = SOURCE_ROOT; };
		2632F5201B7F8690006931E4 /* FollowedSellerTableViewCell.xib */ = {isa = PBXFileReference; fileEncoding = 4; lastKnownFileType = file.xib; name = FollowedSellerTableViewCell.xib; path = YiLinkerOnlineBuyer/resources/ViewController/FollowedSellerTableViewCell.xib; sourceTree = SOURCE_ROOT; };
		2632F5231B7F8EFF006931E4 /* FollwedSellerModel.swift */ = {isa = PBXFileReference; fileEncoding = 4; lastKnownFileType = sourcecode.swift; name = FollwedSellerModel.swift; path = YiLinkerOnlineBuyer/resources/Model/FollwedSellerModel.swift; sourceTree = SOURCE_ROOT; };
		26AFB3921B79DD9100E50926 /* XibHelper.swift */ = {isa = PBXFileReference; fileEncoding = 4; lastKnownFileType = sourcecode.swift; path = XibHelper.swift; sourceTree = "<group>"; };
		26AFB3941B79DDEA00E50926 /* ProductDetailsModel.swift */ = {isa = PBXFileReference; fileEncoding = 4; lastKnownFileType = sourcecode.swift; path = ProductDetailsModel.swift; sourceTree = "<group>"; };
		26AFB3951B79DDEA00E50926 /* ProductAttributeModel.swift */ = {isa = PBXFileReference; fileEncoding = 4; lastKnownFileType = sourcecode.swift; path = ProductAttributeModel.swift; sourceTree = "<group>"; };
		26AFB3961B79DDEA00E50926 /* ProductAvailableAttributeCombinationModel.swift */ = {isa = PBXFileReference; fileEncoding = 4; lastKnownFileType = sourcecode.swift; path = ProductAvailableAttributeCombinationModel.swift; sourceTree = "<group>"; };
		26AFB3971B79DDEA00E50926 /* ProductReviewModel.swift */ = {isa = PBXFileReference; fileEncoding = 4; lastKnownFileType = sourcecode.swift; path = ProductReviewModel.swift; sourceTree = "<group>"; };
		26AFB3981B79DDEA00E50926 /* ProductReviewsModel.swift */ = {isa = PBXFileReference; fileEncoding = 4; lastKnownFileType = sourcecode.swift; path = ProductReviewsModel.swift; sourceTree = "<group>"; };
		26AFB3991B79DDEA00E50926 /* ProductSellerModel.swift */ = {isa = PBXFileReference; fileEncoding = 4; lastKnownFileType = sourcecode.swift; path = ProductSellerModel.swift; sourceTree = "<group>"; };
		26AFB3A01B79DE2900E50926 /* ProductImagesView.swift */ = {isa = PBXFileReference; fileEncoding = 4; lastKnownFileType = sourcecode.swift; path = ProductImagesView.swift; sourceTree = "<group>"; };
		26AFB3A11B79DE2900E50926 /* ProductDescriptionView.swift */ = {isa = PBXFileReference; fileEncoding = 4; lastKnownFileType = sourcecode.swift; path = ProductDescriptionView.swift; sourceTree = "<group>"; };
		26AFB3A21B79DE2900E50926 /* ProductReviewHeaderView.swift */ = {isa = PBXFileReference; fileEncoding = 4; lastKnownFileType = sourcecode.swift; path = ProductReviewHeaderView.swift; sourceTree = "<group>"; };
		26AFB3A31B79DE2900E50926 /* ProductReviewFooterView.swift */ = {isa = PBXFileReference; fileEncoding = 4; lastKnownFileType = sourcecode.swift; path = ProductReviewFooterView.swift; sourceTree = "<group>"; };
		26AFB3A41B79DE2900E50926 /* ProductSellerView.swift */ = {isa = PBXFileReference; fileEncoding = 4; lastKnownFileType = sourcecode.swift; path = ProductSellerView.swift; sourceTree = "<group>"; };
		26AFB3A51B79DE2900E50926 /* ReviewTableViewCell.swift */ = {isa = PBXFileReference; fileEncoding = 4; lastKnownFileType = sourcecode.swift; path = ReviewTableViewCell.swift; sourceTree = "<group>"; };
		26AFB3A61B79DE2900E50926 /* ProductAttributeTableViewCell.swift */ = {isa = PBXFileReference; fileEncoding = 4; lastKnownFileType = sourcecode.swift; path = ProductAttributeTableViewCell.swift; sourceTree = "<group>"; };
		26AFB3A71B79DE2900E50926 /* ProductSellerViewCollectionViewCell.swift */ = {isa = PBXFileReference; fileEncoding = 4; lastKnownFileType = sourcecode.swift; path = ProductSellerViewCollectionViewCell.swift; sourceTree = "<group>"; };
		26AFB3B01B79DE3800E50926 /* ProductViewController.swift */ = {isa = PBXFileReference; fileEncoding = 4; lastKnownFileType = sourcecode.swift; path = ProductViewController.swift; sourceTree = "<group>"; };
		26AFB3B11B79DE3800E50926 /* ProductViewsViewController.swift */ = {isa = PBXFileReference; fileEncoding = 4; lastKnownFileType = sourcecode.swift; path = ProductViewsViewController.swift; sourceTree = "<group>"; };
		26AFB3B21B79DE3800E50926 /* ProductAttributeViewController.swift */ = {isa = PBXFileReference; fileEncoding = 4; lastKnownFileType = sourcecode.swift; path = ProductAttributeViewController.swift; sourceTree = "<group>"; };
		26AFB3B31B79DE3800E50926 /* ProductReviewViewController.swift */ = {isa = PBXFileReference; fileEncoding = 4; lastKnownFileType = sourcecode.swift; path = ProductReviewViewController.swift; sourceTree = "<group>"; };
		26AFB3B41B79DE3800E50926 /* ProductDescriptionViewController.swift */ = {isa = PBXFileReference; fileEncoding = 4; lastKnownFileType = sourcecode.swift; path = ProductDescriptionViewController.swift; sourceTree = "<group>"; };
		26AFB3BA1B79DE5600E50926 /* ProductViewController.xib */ = {isa = PBXFileReference; fileEncoding = 4; lastKnownFileType = file.xib; path = ProductViewController.xib; sourceTree = "<group>"; };
		26AFB3BB1B79DE5600E50926 /* ProductViewsViewController.xib */ = {isa = PBXFileReference; fileEncoding = 4; lastKnownFileType = file.xib; path = ProductViewsViewController.xib; sourceTree = "<group>"; };
		26AFB3BC1B79DE5600E50926 /* ProductReviewViewController.xib */ = {isa = PBXFileReference; fileEncoding = 4; lastKnownFileType = file.xib; path = ProductReviewViewController.xib; sourceTree = "<group>"; };
		26AFB3BD1B79DE5600E50926 /* ProductAttributeViewController.xib */ = {isa = PBXFileReference; fileEncoding = 4; lastKnownFileType = file.xib; path = ProductAttributeViewController.xib; sourceTree = "<group>"; };
		26AFB3BE1B79DE5600E50926 /* ProductDescriptionViewController.xib */ = {isa = PBXFileReference; fileEncoding = 4; lastKnownFileType = file.xib; path = ProductDescriptionViewController.xib; sourceTree = "<group>"; };
		26AFB3C41B79DE5C00E50926 /* ReviewTableViewCell.xib */ = {isa = PBXFileReference; fileEncoding = 4; lastKnownFileType = file.xib; path = ReviewTableViewCell.xib; sourceTree = "<group>"; };
		26AFB3C51B79DE5C00E50926 /* ProductAttributeTableViewCell.xib */ = {isa = PBXFileReference; fileEncoding = 4; lastKnownFileType = file.xib; path = ProductAttributeTableViewCell.xib; sourceTree = "<group>"; };
		26AFB3C61B79DE5C00E50926 /* ProductAttributeCollectionViewCell.xib */ = {isa = PBXFileReference; fileEncoding = 4; lastKnownFileType = file.xib; path = ProductAttributeCollectionViewCell.xib; sourceTree = "<group>"; };
		26AFB3C71B79DE5C00E50926 /* ProductSellerViewCollectionViewCell.xib */ = {isa = PBXFileReference; fileEncoding = 4; lastKnownFileType = file.xib; path = ProductSellerViewCollectionViewCell.xib; sourceTree = "<group>"; };
		2D31E898308E33AE05EA53AC /* libPods.a */ = {isa = PBXFileReference; explicitFileType = archive.ar; includeInIndex = 0; path = libPods.a; sourceTree = BUILT_PRODUCTS_DIR; };
		797D490E1B7A509300617F6B /* CartTableViewCell.swift */ = {isa = PBXFileReference; fileEncoding = 4; lastKnownFileType = sourcecode.swift; path = CartTableViewCell.swift; sourceTree = "<group>"; };
		797D49101B7A50BA00617F6B /* CartTableViewCell.xib */ = {isa = PBXFileReference; fileEncoding = 4; lastKnownFileType = file.xib; path = CartTableViewCell.xib; sourceTree = "<group>"; };
		7987F3171B7B744A00B02DF4 /* WishlistTableViewCell.swift */ = {isa = PBXFileReference; fileEncoding = 4; lastKnownFileType = sourcecode.swift; path = WishlistTableViewCell.swift; sourceTree = "<group>"; };
		7987F3191B7B746000B02DF4 /* WishlistTableViewCell.xib */ = {isa = PBXFileReference; fileEncoding = 4; lastKnownFileType = file.xib; path = WishlistTableViewCell.xib; sourceTree = "<group>"; };
		79A1C6EC1B8329200043AA36 /* SearchSuggestionModel.swift */ = {isa = PBXFileReference; fileEncoding = 4; lastKnownFileType = sourcecode.swift; path = SearchSuggestionModel.swift; sourceTree = "<group>"; };
		79A1C6EE1B8329390043AA36 /* SearchSuggestionTableViewCell.swift */ = {isa = PBXFileReference; fileEncoding = 4; lastKnownFileType = sourcecode.swift; path = SearchSuggestionTableViewCell.swift; sourceTree = "<group>"; };
		79A1C6F01B8329490043AA36 /* SearchSuggestionTableViewCell.xib */ = {isa = PBXFileReference; fileEncoding = 4; lastKnownFileType = file.xib; path = SearchSuggestionTableViewCell.xib; sourceTree = "<group>"; };
		79A1C6F21B83574A0043AA36 /* ProductResultListCollectionViewCell.xib */ = {isa = PBXFileReference; fileEncoding = 4; lastKnownFileType = file.xib; path = ProductResultListCollectionViewCell.xib; sourceTree = "<group>"; };
		79A1C6F41B8357BA0043AA36 /* ProductResultListCollectionViewCell.swift */ = {isa = PBXFileReference; fileEncoding = 4; lastKnownFileType = sourcecode.swift; name = ProductResultListCollectionViewCell.swift; path = YiLinkerOnlineBuyer/resources/View/ProductResultListCollectionViewCell.swift; sourceTree = SOURCE_ROOT; };
		79A1C6F61B835A090043AA36 /* ProductResultGridCollectionViewCell.xib */ = {isa = PBXFileReference; fileEncoding = 4; lastKnownFileType = file.xib; path = ProductResultGridCollectionViewCell.xib; sourceTree = "<group>"; };
		79A1C6F81B835BB50043AA36 /* ProductResultGridCollectionViewCell.swift */ = {isa = PBXFileReference; fileEncoding = 4; lastKnownFileType = sourcecode.swift; name = ProductResultGridCollectionViewCell.swift; path = YiLinkerOnlineBuyer/resources/View/ProductResultGridCollectionViewCell.swift; sourceTree = SOURCE_ROOT; };
		79A1C6FA1B83787B0043AA36 /* SellerResultCollectionViewCell.xib */ = {isa = PBXFileReference; fileEncoding = 4; lastKnownFileType = file.xib; path = SellerResultCollectionViewCell.xib; sourceTree = "<group>"; };
		79A1C6FC1B8385310043AA36 /* SellerResultCollectionViewCell.swift */ = {isa = PBXFileReference; fileEncoding = 4; lastKnownFileType = sourcecode.swift; name = SellerResultCollectionViewCell.swift; path = YiLinkerOnlineBuyer/resources/View/SellerResultCollectionViewCell.swift; sourceTree = SOURCE_ROOT; };
		79F0DD9B1B7B17D500EB8053 /* CartModel.swift */ = {isa = PBXFileReference; fileEncoding = 4; lastKnownFileType = sourcecode.swift; name = CartModel.swift; path = YiLinkerOnlineBuyer/resources/Model/CartModel.swift; sourceTree = SOURCE_ROOT; };
		79F0DD9D1B7B24CB00EB8053 /* CartProductDetailsModel.swift */ = {isa = PBXFileReference; fileEncoding = 4; lastKnownFileType = sourcecode.swift; name = CartProductDetailsModel.swift; path = YiLinkerOnlineBuyer/resources/Model/CartProductDetailsModel.swift; sourceTree = SOURCE_ROOT; };
		79F417741B7C3ADB0047D02D /* CartProductAttributeViewController.swift */ = {isa = PBXFileReference; fileEncoding = 4; lastKnownFileType = sourcecode.swift; name = CartProductAttributeViewController.swift; path = YiLinkerOnlineBuyer/resources/ViewController/CartProductAttributeViewController.swift; sourceTree = SOURCE_ROOT; };
		79F417751B7C3ADB0047D02D /* CartProductAttributeViewController.xib */ = {isa = PBXFileReference; fileEncoding = 4; lastKnownFileType = file.xib; name = CartProductAttributeViewController.xib; path = YiLinkerOnlineBuyer/resources/ViewController/CartProductAttributeViewController.xib; sourceTree = SOURCE_ROOT; };
		9140515446F9D97EC8790C7B /* Pods.debug.xcconfig */ = {isa = PBXFileReference; includeInIndex = 1; lastKnownFileType = text.xcconfig; name = Pods.debug.xcconfig; path = "Pods/Target Support Files/Pods/Pods.debug.xcconfig"; sourceTree = "<group>"; };
/* End PBXFileReference section */

/* Begin PBXFrameworksBuildPhase section */
		0C8A7C6B1B6772670039F013 /* Frameworks */ = {
			isa = PBXFrameworksBuildPhase;
			buildActionMask = 2147483647;
			files = (
				259317CFB9AE0C865DD7552C /* (null) in Frameworks */,
				B01A2CC32988CDE866ACAB7A /* libPods.a in Frameworks */,
			);
			runOnlyForDeploymentPostprocessing = 0;
		};
		0C8A7C801B6772670039F013 /* Frameworks */ = {
			isa = PBXFrameworksBuildPhase;
			buildActionMask = 2147483647;
			files = (
			);
			runOnlyForDeploymentPostprocessing = 0;
		};
/* End PBXFrameworksBuildPhase section */

/* Begin PBXGroup section */
		0C8A7C651B6772670039F013 = {
			isa = PBXGroup;
			children = (
				0C8A7C701B6772670039F013 /* YiLinkerOnlineBuyer */,
				0C8A7C861B6772670039F013 /* YiLinkerOnlineBuyerTests */,
				0C8A7C6F1B6772670039F013 /* Products */,
				4B7F3416B5D5AAFB972FEF8E /* Pods */,
				6E2C7023C2EB23DC920F908B /* Frameworks */,
			);
			sourceTree = "<group>";
		};
		0C8A7C6F1B6772670039F013 /* Products */ = {
			isa = PBXGroup;
			children = (
				0C8A7C6E1B6772670039F013 /* YiLinkerOnlineBuyer.app */,
				0C8A7C831B6772670039F013 /* YiLinkerOnlineBuyerTests.xctest */,
			);
			name = Products;
			sourceTree = "<group>";
		};
		0C8A7C701B6772670039F013 /* YiLinkerOnlineBuyer */ = {
			isa = PBXGroup;
			children = (
				0C9936F81B750583000D6074 /* Resources */,
				0C8A7C7A1B6772670039F013 /* Images.xcassets */,
				0C8A7C711B6772670039F013 /* Supporting Files */,
			);
			path = YiLinkerOnlineBuyer;
			sourceTree = "<group>";
		};
		0C8A7C711B6772670039F013 /* Supporting Files */ = {
			isa = PBXGroup;
			children = (
				0C8A7C721B6772670039F013 /* Info.plist */,
			);
			name = "Supporting Files";
			sourceTree = "<group>";
		};
		0C8A7C861B6772670039F013 /* YiLinkerOnlineBuyerTests */ = {
			isa = PBXGroup;
			children = (
				0C8A7C891B6772670039F013 /* YiLinkerOnlineBuyerTests.swift */,
				0C8A7C871B6772670039F013 /* Supporting Files */,
			);
			path = YiLinkerOnlineBuyerTests;
			sourceTree = "<group>";
		};
		0C8A7C871B6772670039F013 /* Supporting Files */ = {
			isa = PBXGroup;
			children = (
				0C8A7C881B6772670039F013 /* Info.plist */,
			);
			name = "Supporting Files";
			sourceTree = "<group>";
		};
		0C9936F81B750583000D6074 /* Resources */ = {
			isa = PBXGroup;
			children = (
				0C99376F1B75063B000D6074 /* AppDelegate */,
				0C9936FB1B750583000D6074 /* External */,
				0C9936FD1B750583000D6074 /* Helper */,
				0C9937041B750583000D6074 /* Model */,
				0C9937081B750583000D6074 /* StoryBoard */,
				0C99370B1B750583000D6074 /* View */,
				0C9937221B750583000D6074 /* ViewController */,
				0C9937291B750583000D6074 /* Xib */,
			);
			path = Resources;
			sourceTree = "<group>";
		};
		0C9936FB1B750583000D6074 /* External */ = {
			isa = PBXGroup;
			children = (
				0C2670CC1B77290200394E29 /* GoogleService-Info.plist */,
				0C9936FC1B750583000D6074 /* dummyHome.json */,
			);
			path = External;
			sourceTree = "<group>";
		};
		0C9936FD1B750583000D6074 /* Helper */ = {
			isa = PBXGroup;
			children = (
				0C25D94D1B76F81A00E9EFA6 /* YiLinkerOnlineBuyer-Bridging-Header.h */,
				0C9936FE1B750583000D6074 /* APIManager.swift */,
				0C9936FF1B750583000D6074 /* Constants.swift */,
				0C9937001B750583000D6074 /* HexaColor.swift */,
				0C9937011B750583000D6074 /* IPhoneType.swift */,
				0C9937021B750583000D6074 /* ParseLocalJSON.swift */,
				0C9937031B750583000D6074 /* SessionManager.swift */,
				0C2670CE1B772E4B00394E29 /* Enums.swift */,
				26AFB3921B79DD9100E50926 /* XibHelper.swift */,
				0C329E721B7B2A71005BE2B6 /* Reachability.swift */,
			);
			path = Helper;
			sourceTree = "<group>";
		};
		0C9937041B750583000D6074 /* Model */ = {
			isa = PBXGroup;
			children = (
				79A1C6EC1B8329200043AA36 /* SearchSuggestionModel.swift */,
				0C9937051B750583000D6074 /* HomePageProductModel.swift */,
				0C9937061B750583000D6074 /* ProductModel.swift */,
				0C9937071B750583000D6074 /* SellerModel.swift */,
				26AFB3941B79DDEA00E50926 /* ProductDetailsModel.swift */,
				26AFB3951B79DDEA00E50926 /* ProductAttributeModel.swift */,
				26AFB3961B79DDEA00E50926 /* ProductAvailableAttributeCombinationModel.swift */,
				26AFB3971B79DDEA00E50926 /* ProductReviewModel.swift */,
				26AFB3981B79DDEA00E50926 /* ProductReviewsModel.swift */,
				26AFB3991B79DDEA00E50926 /* ProductSellerModel.swift */,
				79F0DD9B1B7B17D500EB8053 /* CartModel.swift */,
				79F0DD9D1B7B24CB00EB8053 /* CartProductDetailsModel.swift */,
				0C329E741B7B2D32005BE2B6 /* RegisterModel.swift */,
				2632F5231B7F8EFF006931E4 /* FollwedSellerModel.swift */,
				0C5926031B836C670021EA76 /* ProfileModel.swift */,
				0C5926051B836EA30021EA76 /* AddressModel.swift */,
			);
			path = Model;
			sourceTree = "<group>";
		};
		0C9937081B750583000D6074 /* StoryBoard */ = {
			isa = PBXGroup;
			children = (
				0C9937091B750583000D6074 /* HomeStoryBoard.storyboard */,
				0CB9DB061B6A1E6600F2CA13 /* StartPageStoryBoard.storyboard */,
			);
			path = StoryBoard;
			sourceTree = "<group>";
		};
		0C99370B1B750583000D6074 /* View */ = {
			isa = PBXGroup;
			children = (
				2632F51F1B7F8690006931E4 /* FollowedSellerTableViewCell.swift */,
				79A1C6EE1B8329390043AA36 /* SearchSuggestionTableViewCell.swift */,
				797D490E1B7A509300617F6B /* CartTableViewCell.swift */,
				0C6490751B7781E400F88F92 /* Category.swift */,
				0C99370C1B750583000D6074 /* DiscountLabel.swift */,
				0C99370D1B750583000D6074 /* DynamicRoundedButton.swift */,
				0C99370E1B750583000D6074 /* DynamicRoundedLabel.swift */,
				0CDA117D1B764B79007B5DED /* DynamicRoundedTextField.swift */,
				0C329E781B7B47FF005BE2B6 /* EmptyView.swift */,
				0C99370F1B750583000D6074 /* FullImageCollectionViewCell.swift */,
				0C9937101B750583000D6074 /* GenericCollectionViewCell.swift */,
				0C9937111B750583000D6074 /* HalfVerticalImageCollectionViewCell.swift */,
				0C9937121B750583000D6074 /* HomePageCollectionViewLayout.swift */,
				0C9937131B750583000D6074 /* LayoutHeaderCollectionViewCell.swift */,
				0C9937141B750583000D6074 /* NewSellerCollectionViewCell.swift */,
				0C9937151B750583000D6074 /* NewSellerScrollableCollectionViewCell.swift */,
				26AFB3A61B79DE2900E50926 /* ProductAttributeTableViewCell.swift */,
				26AFB3A11B79DE2900E50926 /* ProductDescriptionView.swift */,
				26AFB3A01B79DE2900E50926 /* ProductImagesView.swift */,
				0C9937161B750583000D6074 /* ProductImageView.swift */,
				0C9937171B750583000D6074 /* ProductitemWithVerticalDisplayCollectionViewCell.swift */,
				26AFB3A31B79DE2900E50926 /* ProductReviewFooterView.swift */,
				26AFB3A21B79DE2900E50926 /* ProductReviewHeaderView.swift */,
				26AFB3A41B79DE2900E50926 /* ProductSellerView.swift */,
				26AFB3A71B79DE2900E50926 /* ProductSellerViewCollectionViewCell.swift */,
				0C9937181B750583000D6074 /* ProductWithCenterNameCollectionViewCell.swift */,
				26AFB3A51B79DE2900E50926 /* ReviewTableViewCell.swift */,
				0C9937191B750583000D6074 /* RoundedButton.swift */,
				0C99371A1B750583000D6074 /* RoundedImageView.swift */,
				0C99371B1B750583000D6074 /* RoundedLabel.swift */,
				0C99371C1B750583000D6074 /* ScrollableCollectionViewCell.swift */,
				0C99371D1B750583000D6074 /* SellerCollectionViewCell.swift */,
				0C99371E1B750583000D6074 /* SemiRoundedButton.swift */,
				0C99371F1B750583000D6074 /* TwoColumnGridCollectionViewCell.swift */,
				0C9937201B750583000D6074 /* VerticalImageCollectionViewCell.swift */,
				0C9937211B750583000D6074 /* ViewMoreFooterCollectionViewCell.swift */,
				7987F3171B7B744A00B02DF4 /* WishlistTableViewCell.swift */,
				0C5111D71B81CEE7002F0001 /* SellerTableHeaderView.swift */,
				0C5111DB1B81F21A002F0001 /* AboutSellerTableViewCell.swift */,
				0C5111DF1B8207C7002F0001 /* ProductsTableViewCell.swift */,
				0C5111E31B8211B6002F0001 /* GeneralRatingTableViewCell.swift */,
				0C5111E41B8211B6002F0001 /* GeneralRatingTableViewCell.xib */,
				0C5111E71B821D6F002F0001 /* SeeMoreTableViewCell.swift */,
				0C5111E81B821D6F002F0001 /* SeeMoreTableViewCell.xib */,
				79A1C6F41B8357BA0043AA36 /* ProductResultListCollectionViewCell.swift */,
				79A1C6F81B835BB50043AA36 /* ProductResultGridCollectionViewCell.swift */,
				79A1C6FC1B8385310043AA36 /* SellerResultCollectionViewCell.swift */,
			);
			path = View;
			sourceTree = "<group>";
		};
		0C9937221B750583000D6074 /* ViewController */ = {
			isa = PBXGroup;
			children = (
				79F417741B7C3ADB0047D02D /* CartProductAttributeViewController.swift */,
				0C9937231B750583000D6074 /* CartViewController.swift */,
				0C329E8A1B7B73B7005BE2B6 /* CategoriesViewController.swift */,
				0C9937241B750583000D6074 /* CircularMenuViewController.swift */,
				0C329E821B7B738E005BE2B6 /* CustomizeShoppingViewController.swift */,
				0C329E941B7B7C5B005BE2B6 /* CustomTabBarController.swift */,
				0CC8A6391B7B9BBF00C91425 /* FollowedSellerViewController.swift */,
				0C329E7A1B7B7353005BE2B6 /* HelpViewController.swift */,
				0C329E921B7B7B2F005BE2B6 /* HiddenViewController.swift */,
				0C9937251B750583000D6074 /* HomeContainerViewController.swift */,
				0C9937261B750583000D6074 /* HomePageCollectionViewController.swift */,
				0CDA117B1B764015007B5DED /* LoginAndRegisterContentViewController.swift */,
				0CDA11791B760E1A007B5DED /* LoginViewController.swift */,
				0C329E7E1B7B7376005BE2B6 /* MessagingViewController.swift */,
				26AFB3B21B79DE3800E50926 /* ProductAttributeViewController.swift */,
				26AFB3B41B79DE3800E50926 /* ProductDescriptionViewController.swift */,
				26AFB3B31B79DE3800E50926 /* ProductReviewViewController.swift */,
				26AFB3B01B79DE3800E50926 /* ProductViewController.swift */,
				26AFB3B11B79DE3800E50926 /* ProductViewsViewController.swift */,
				0CC8A63D1B7B9BF600C91425 /* ProfileViewController.swift */,
				0C5111D31B81CD69002F0001 /* SellerViewController.swift */,
				0CE35EB71B76711400AAA8F1 /* RegisterViewController.swift */,
				0C9937271B750583000D6074 /* SearchViewController.swift */,
				0CB9DB3A1B6A3EA100F2CA13 /* StarterContentPageViewController.swift */,
				0CB9DB381B6A3DC700F2CA13 /* StartPageViewController.swift */,
				0C329E861B7B73A4005BE2B6 /* TodaysPromoViewController.swift */,
				0C9937281B750583000D6074 /* WishlistViewController.swift */,
				0C5925FF1B8327BA0021EA76 /* ResultViewController.swift */,
			);
			path = ViewController;
			sourceTree = "<group>";
		};
		0C9937291B750583000D6074 /* Xib */ = {
			isa = PBXGroup;
			children = (
				79A1C6F21B83574A0043AA36 /* ProductResultListCollectionViewCell.xib */,
				79A1C6F61B835A090043AA36 /* ProductResultGridCollectionViewCell.xib */,
				79A1C6F01B8329490043AA36 /* SearchSuggestionTableViewCell.xib */,
				0C5926001B8327BA0021EA76 /* ResultViewController.xib */,
				0C5111E01B8207C7002F0001 /* ProductsTableViewCell.xib */,
				0C5111DC1B81F21A002F0001 /* AboutSellerTableViewCell.xib */,
				0C5111D41B81CD69002F0001 /* SellerViewController.xib */,
				79F417751B7C3ADB0047D02D /* CartProductAttributeViewController.xib */,
				797D49101B7A50BA00617F6B /* CartTableViewCell.xib */,
				0C329E8B1B7B73B7005BE2B6 /* CategoriesViewController.xib */,
				0C329E831B7B738E005BE2B6 /* CustomizeShoppingViewController.xib */,
				0C329E761B7B47DC005BE2B6 /* EmptyView.xib */,
				0CC8A63A1B7B9BBF00C91425 /* FollowedSellerViewController.xib */,
				0C99372A1B750583000D6074 /* FullImageCollectionViewCell.xib */,
				0C99372B1B750583000D6074 /* HalfVerticalImageCollectionViewCell.xib */,
				0C329E7B1B7B7353005BE2B6 /* HelpViewController.xib */,
				0C99372C1B750583000D6074 /* LaunchScreen.xib */,
				0C99372D1B750583000D6074 /* LayoutHeaderCollectionViewCell.xib */,
				0C329E7F1B7B7376005BE2B6 /* MessagingViewController.xib */,
				0C99372E1B750583000D6074 /* NewSellerCollectionViewCell.xib */,
				0C99372F1B750583000D6074 /* NewSellerScrollableCollectionViewCell.xib */,
				26AFB3C61B79DE5C00E50926 /* ProductAttributeCollectionViewCell.xib */,
				26AFB3C51B79DE5C00E50926 /* ProductAttributeTableViewCell.xib */,
				26AFB3BD1B79DE5600E50926 /* ProductAttributeViewController.xib */,
				26AFB3BE1B79DE5600E50926 /* ProductDescriptionViewController.xib */,
				0C9937301B750583000D6074 /* ProductItemWithVerticalDisplayCollectionViewCell.xib */,
				26AFB3BC1B79DE5600E50926 /* ProductReviewViewController.xib */,
				26AFB3C71B79DE5C00E50926 /* ProductSellerViewCollectionViewCell.xib */,
				26AFB3BA1B79DE5600E50926 /* ProductViewController.xib */,
				26AFB3BB1B79DE5600E50926 /* ProductViewsViewController.xib */,
				0C9937311B750583000D6074 /* ProductWithCenterNameCollectionViewCell.xib */,
				0CC8A63E1B7B9BF600C91425 /* ProfileViewController.xib */,
				26AFB3C41B79DE5C00E50926 /* ReviewTableViewCell.xib */,
				0C9937321B750583000D6074 /* ScrollableCollectionViewCell.xib */,
				2632F5201B7F8690006931E4 /* FollowedSellerTableViewCell.xib */,
				0C9937331B750583000D6074 /* SectionBackground.xib */,
				0C9937341B750583000D6074 /* SellerCollectionViewCell.xib */,
				0C329E871B7B73A4005BE2B6 /* TodaysPromoViewController.xib */,
				0C9937351B750583000D6074 /* TwoColumnGridCollectionViewCell.xib */,
				0C9937361B750583000D6074 /* VerticalImageCollectionViewCell.xib */,
				0C9937371B750583000D6074 /* ViewMoreFooterCollectionViewCell.xib */,
				7987F3191B7B746000B02DF4 /* WishlistTableViewCell.xib */,
				0C5111D91B81CEFE002F0001 /* SellerTableHeaderView.xib */,
				79A1C6FA1B83787B0043AA36 /* SellerResultCollectionViewCell.xib */,
			);
			path = Xib;
			sourceTree = "<group>";
		};
		0C99376F1B75063B000D6074 /* AppDelegate */ = {
			isa = PBXGroup;
			children = (
				0C9937701B75063B000D6074 /* AppDelegate.swift */,
			);
			path = AppDelegate;
			sourceTree = "<group>";
		};
		4B7F3416B5D5AAFB972FEF8E /* Pods */ = {
			isa = PBXGroup;
			children = (
				9140515446F9D97EC8790C7B /* Pods.debug.xcconfig */,
				081427E2B6C708A40D908245 /* Pods.release.xcconfig */,
			);
			name = Pods;
			sourceTree = "<group>";
		};
		6E2C7023C2EB23DC920F908B /* Frameworks */ = {
			isa = PBXGroup;
			children = (
				2D31E898308E33AE05EA53AC /* libPods.a */,
			);
			name = Frameworks;
			sourceTree = "<group>";
		};
/* End PBXGroup section */

/* Begin PBXNativeTarget section */
		0C8A7C6D1B6772670039F013 /* YiLinkerOnlineBuyer */ = {
			isa = PBXNativeTarget;
			buildConfigurationList = 0C8A7C8D1B6772670039F013 /* Build configuration list for PBXNativeTarget "YiLinkerOnlineBuyer" */;
			buildPhases = (
				2719B810AD2A7AD762A0703D /* Check Pods Manifest.lock */,
				0C8A7C6A1B6772670039F013 /* Sources */,
				0C8A7C6B1B6772670039F013 /* Frameworks */,
				0C8A7C6C1B6772670039F013 /* Resources */,
				15458B67C73D196045380AA0 /* Copy Pods Resources */,
			);
			buildRules = (
			);
			dependencies = (
			);
			name = YiLinkerOnlineBuyer;
			productName = YiLinkerOnlineBuyer;
			productReference = 0C8A7C6E1B6772670039F013 /* YiLinkerOnlineBuyer.app */;
			productType = "com.apple.product-type.application";
		};
		0C8A7C821B6772670039F013 /* YiLinkerOnlineBuyerTests */ = {
			isa = PBXNativeTarget;
			buildConfigurationList = 0C8A7C901B6772670039F013 /* Build configuration list for PBXNativeTarget "YiLinkerOnlineBuyerTests" */;
			buildPhases = (
				0C8A7C7F1B6772670039F013 /* Sources */,
				0C8A7C801B6772670039F013 /* Frameworks */,
				0C8A7C811B6772670039F013 /* Resources */,
			);
			buildRules = (
			);
			dependencies = (
				0C8A7C851B6772670039F013 /* PBXTargetDependency */,
			);
			name = YiLinkerOnlineBuyerTests;
			productName = YiLinkerOnlineBuyerTests;
			productReference = 0C8A7C831B6772670039F013 /* YiLinkerOnlineBuyerTests.xctest */;
			productType = "com.apple.product-type.bundle.unit-test";
		};
/* End PBXNativeTarget section */

/* Begin PBXProject section */
		0C8A7C661B6772670039F013 /* Project object */ = {
			isa = PBXProject;
			attributes = {
				LastUpgradeCheck = 0640;
				ORGANIZATIONNAME = "yiLinker-online-buyer";
				TargetAttributes = {
					0C8A7C6D1B6772670039F013 = {
						CreatedOnToolsVersion = 6.4;
					};
					0C8A7C821B6772670039F013 = {
						CreatedOnToolsVersion = 6.4;
						TestTargetID = 0C8A7C6D1B6772670039F013;
					};
				};
			};
			buildConfigurationList = 0C8A7C691B6772670039F013 /* Build configuration list for PBXProject "YiLinkerOnlineBuyer" */;
			compatibilityVersion = "Xcode 3.2";
			developmentRegion = English;
			hasScannedForEncodings = 0;
			knownRegions = (
				en,
				Base,
			);
			mainGroup = 0C8A7C651B6772670039F013;
			productRefGroup = 0C8A7C6F1B6772670039F013 /* Products */;
			projectDirPath = "";
			projectRoot = "";
			targets = (
				0C8A7C6D1B6772670039F013 /* YiLinkerOnlineBuyer */,
				0C8A7C821B6772670039F013 /* YiLinkerOnlineBuyerTests */,
			);
		};
/* End PBXProject section */

/* Begin PBXResourcesBuildPhase section */
		0C8A7C6C1B6772670039F013 /* Resources */ = {
			isa = PBXResourcesBuildPhase;
			buildActionMask = 2147483647;
			files = (
				0C9937431B750583000D6074 /* HomeStoryBoard.storyboard in Resources */,
				26AFB3C11B79DE5600E50926 /* ProductReviewViewController.xib in Resources */,
				0C329E8D1B7B73B7005BE2B6 /* CategoriesViewController.xib in Resources */,
				7987F31A1B7B746000B02DF4 /* WishlistTableViewCell.xib in Resources */,
				0C99376D1B750583000D6074 /* VerticalImageCollectionViewCell.xib in Resources */,
				0C99376C1B750583000D6074 /* TwoColumnGridCollectionViewCell.xib in Resources */,
				0C329E771B7B47DC005BE2B6 /* EmptyView.xib in Resources */,
				0C9937621B750583000D6074 /* HalfVerticalImageCollectionViewCell.xib in Resources */,
				0C5111EA1B821D6F002F0001 /* SeeMoreTableViewCell.xib in Resources */,
				0C329E891B7B73A4005BE2B6 /* TodaysPromoViewController.xib in Resources */,
				0C9937651B750583000D6074 /* NewSellerCollectionViewCell.xib in Resources */,
				0C8A7C7B1B6772670039F013 /* Images.xcassets in Resources */,
				0CB9DB071B6A1E6600F2CA13 /* StartPageStoryBoard.storyboard in Resources */,
				0C5111D61B81CD69002F0001 /* SellerViewController.xib in Resources */,
				0C5111DA1B81CEFE002F0001 /* SellerTableHeaderView.xib in Resources */,
				79A1C6F31B83574A0043AA36 /* ProductResultListCollectionViewCell.xib in Resources */,
				0C329E811B7B7376005BE2B6 /* MessagingViewController.xib in Resources */,
				26AFB3CA1B79DE5C00E50926 /* ProductAttributeCollectionViewCell.xib in Resources */,
				26AFB3C91B79DE5C00E50926 /* ProductAttributeTableViewCell.xib in Resources */,
				0CC8A63C1B7B9BBF00C91425 /* FollowedSellerViewController.xib in Resources */,
				0C9937631B750583000D6074 /* LaunchScreen.xib in Resources */,
				26AFB3BF1B79DE5600E50926 /* ProductViewController.xib in Resources */,
				0C99376A1B750583000D6074 /* SectionBackground.xib in Resources */,
				0C9937611B750583000D6074 /* FullImageCollectionViewCell.xib in Resources */,
				0C99376E1B750583000D6074 /* ViewMoreFooterCollectionViewCell.xib in Resources */,
				0C2670CD1B77290200394E29 /* GoogleService-Info.plist in Resources */,
				0C9937641B750583000D6074 /* LayoutHeaderCollectionViewCell.xib in Resources */,
				0C5926021B8327BA0021EA76 /* ResultViewController.xib in Resources */,
				0C5111E21B8207C7002F0001 /* ProductsTableViewCell.xib in Resources */,
				26AFB3C21B79DE5600E50926 /* ProductAttributeViewController.xib in Resources */,
				0C9937691B750583000D6074 /* ScrollableCollectionViewCell.xib in Resources */,
				26AFB3C01B79DE5600E50926 /* ProductViewsViewController.xib in Resources */,
				0CC8A6401B7B9BF600C91425 /* ProfileViewController.xib in Resources */,
				0C9937391B750583000D6074 /* dummyHome.json in Resources */,
				797D49111B7A50BA00617F6B /* CartTableViewCell.xib in Resources */,
				79F417771B7C3ADB0047D02D /* CartProductAttributeViewController.xib in Resources */,
				0C99376B1B750583000D6074 /* SellerCollectionViewCell.xib in Resources */,
				79A1C6F71B835A090043AA36 /* ProductResultGridCollectionViewCell.xib in Resources */,
				0C9937671B750583000D6074 /* ProductItemWithVerticalDisplayCollectionViewCell.xib in Resources */,
				0C329E851B7B738E005BE2B6 /* CustomizeShoppingViewController.xib in Resources */,
				26AFB3C31B79DE5600E50926 /* ProductDescriptionViewController.xib in Resources */,
				26AFB3CB1B79DE5C00E50926 /* ProductSellerViewCollectionViewCell.xib in Resources */,
				0C329E7D1B7B7353005BE2B6 /* HelpViewController.xib in Resources */,
				0C5111DE1B81F21A002F0001 /* AboutSellerTableViewCell.xib in Resources */,
				79A1C6F11B8329490043AA36 /* SearchSuggestionTableViewCell.xib in Resources */,
				0C5111E61B8211B6002F0001 /* GeneralRatingTableViewCell.xib in Resources */,
				26AFB3C81B79DE5C00E50926 /* ReviewTableViewCell.xib in Resources */,
				0C9937681B750583000D6074 /* ProductWithCenterNameCollectionViewCell.xib in Resources */,
				2632F5221B7F8690006931E4 /* FollowedSellerTableViewCell.xib in Resources */,
				79A1C6FB1B83787B0043AA36 /* SellerResultCollectionViewCell.xib in Resources */,
				0C9937661B750583000D6074 /* NewSellerScrollableCollectionViewCell.xib in Resources */,
			);
			runOnlyForDeploymentPostprocessing = 0;
		};
		0C8A7C811B6772670039F013 /* Resources */ = {
			isa = PBXResourcesBuildPhase;
			buildActionMask = 2147483647;
			files = (
			);
			runOnlyForDeploymentPostprocessing = 0;
		};
/* End PBXResourcesBuildPhase section */

/* Begin PBXShellScriptBuildPhase section */
		15458B67C73D196045380AA0 /* Copy Pods Resources */ = {
			isa = PBXShellScriptBuildPhase;
			buildActionMask = 2147483647;
			files = (
			);
			inputPaths = (
			);
			name = "Copy Pods Resources";
			outputPaths = (
			);
			runOnlyForDeploymentPostprocessing = 0;
			shellPath = /bin/sh;
			shellScript = "\"${SRCROOT}/Pods/Target Support Files/Pods/Pods-resources.sh\"\n";
			showEnvVarsInLog = 0;
		};
		2719B810AD2A7AD762A0703D /* Check Pods Manifest.lock */ = {
			isa = PBXShellScriptBuildPhase;
			buildActionMask = 2147483647;
			files = (
			);
			inputPaths = (
			);
			name = "Check Pods Manifest.lock";
			outputPaths = (
			);
			runOnlyForDeploymentPostprocessing = 0;
			shellPath = /bin/sh;
			shellScript = "diff \"${PODS_ROOT}/../Podfile.lock\" \"${PODS_ROOT}/Manifest.lock\" > /dev/null\nif [[ $? != 0 ]] ; then\n    cat << EOM\nerror: The sandbox is not in sync with the Podfile.lock. Run 'pod install' or update your CocoaPods installation.\nEOM\n    exit 1\nfi\n";
			showEnvVarsInLog = 0;
		};
/* End PBXShellScriptBuildPhase section */

/* Begin PBXSourcesBuildPhase section */
		0C8A7C6A1B6772670039F013 /* Sources */ = {
			isa = PBXSourcesBuildPhase;
			buildActionMask = 2147483647;
			files = (
				0CB9DB391B6A3DC700F2CA13 /* StartPageViewController.swift in Sources */,
				79A1C6EF1B8329390043AA36 /* SearchSuggestionTableViewCell.swift in Sources */,
				0C5926061B836EA30021EA76 /* AddressModel.swift in Sources */,
				0CB9DB3B1B6A3EA100F2CA13 /* StarterContentPageViewController.swift in Sources */,
				2632F5241B7F8EFF006931E4 /* FollwedSellerModel.swift in Sources */,
				0CDA117A1B760E1A007B5DED /* LoginViewController.swift in Sources */,
				0C99373A1B750583000D6074 /* APIManager.swift in Sources */,
				0C9937501B750583000D6074 /* ProductitemWithVerticalDisplayCollectionViewCell.swift in Sources */,
				0C9937711B75063B000D6074 /* AppDelegate.swift in Sources */,
				0CC8A63F1B7B9BF600C91425 /* ProfileViewController.swift in Sources */,
				0C9937541B750583000D6074 /* RoundedLabel.swift in Sources */,
				0C5111E91B821D6F002F0001 /* SeeMoreTableViewCell.swift in Sources */,
				0C2670CF1B772E4B00394E29 /* Enums.swift in Sources */,
				0C329E731B7B2A71005BE2B6 /* Reachability.swift in Sources */,
				0C329E951B7B7C5B005BE2B6 /* CustomTabBarController.swift in Sources */,
				7987F3181B7B744A00B02DF4 /* WishlistTableViewCell.swift in Sources */,
				0C9937551B750583000D6074 /* ScrollableCollectionViewCell.swift in Sources */,
				26AFB3B81B79DE3800E50926 /* ProductReviewViewController.swift in Sources */,
				0C329E801B7B7376005BE2B6 /* MessagingViewController.swift in Sources */,
				0C329E8C1B7B73B7005BE2B6 /* CategoriesViewController.swift in Sources */,
				0C5926041B836C670021EA76 /* ProfileModel.swift in Sources */,
				26AFB3931B79DD9100E50926 /* XibHelper.swift in Sources */,
				0C5111E11B8207C7002F0001 /* ProductsTableViewCell.swift in Sources */,
				26AFB3AE1B79DE2900E50926 /* ProductAttributeTableViewCell.swift in Sources */,
				0C9937601B750583000D6074 /* WishlistViewController.swift in Sources */,
				26AFB39E1B79DDEA00E50926 /* ProductReviewsModel.swift in Sources */,
				0C99375F1B750583000D6074 /* SearchViewController.swift in Sources */,
				0C329E7C1B7B7353005BE2B6 /* HelpViewController.swift in Sources */,
				26AFB3AC1B79DE2900E50926 /* ProductSellerView.swift in Sources */,
				0C5926011B8327BA0021EA76 /* ResultViewController.swift in Sources */,
				0C9937591B750583000D6074 /* VerticalImageCollectionViewCell.swift in Sources */,
				797D490F1B7A509300617F6B /* CartTableViewCell.swift in Sources */,
				0C99374C1B750583000D6074 /* LayoutHeaderCollectionViewCell.swift in Sources */,
				79F417761B7C3ADB0047D02D /* CartProductAttributeViewController.swift in Sources */,
				0CDA117C1B764015007B5DED /* LoginAndRegisterContentViewController.swift in Sources */,
				0C99374A1B750583000D6074 /* HalfVerticalImageCollectionViewCell.swift in Sources */,
				0C99375C1B750583000D6074 /* CircularMenuViewController.swift in Sources */,
				26AFB39A1B79DDEA00E50926 /* ProductDetailsModel.swift in Sources */,
				0C9937481B750583000D6074 /* FullImageCollectionViewCell.swift in Sources */,
				0C99374F1B750583000D6074 /* ProductImageView.swift in Sources */,
				0C329E791B7B47FF005BE2B6 /* EmptyView.swift in Sources */,
				0CDA117E1B764B79007B5DED /* DynamicRoundedTextField.swift in Sources */,
				26AFB3AF1B79DE2900E50926 /* ProductSellerViewCollectionViewCell.swift in Sources */,
				0C329E931B7B7B2F005BE2B6 /* HiddenViewController.swift in Sources */,
				79A1C6F91B835BB50043AA36 /* ProductResultGridCollectionViewCell.swift in Sources */,
				0C9937581B750583000D6074 /* TwoColumnGridCollectionViewCell.swift in Sources */,
				0C99375A1B750583000D6074 /* ViewMoreFooterCollectionViewCell.swift in Sources */,
				79A1C6ED1B8329200043AA36 /* SearchSuggestionModel.swift in Sources */,
				0C9937561B750583000D6074 /* SellerCollectionViewCell.swift in Sources */,
				26AFB3B61B79DE3800E50926 /* ProductViewsViewController.swift in Sources */,
				0C9937471B750583000D6074 /* DynamicRoundedLabel.swift in Sources */,
				2632F5211B7F8690006931E4 /* FollowedSellerTableViewCell.swift in Sources */,
				0C99374E1B750583000D6074 /* NewSellerScrollableCollectionViewCell.swift in Sources */,
				0CE35EB81B76711400AAA8F1 /* RegisterViewController.swift in Sources */,
				26AFB3B51B79DE3800E50926 /* ProductViewController.swift in Sources */,
				79F0DD9E1B7B24CB00EB8053 /* CartProductDetailsModel.swift in Sources */,
				0CC8A63B1B7B9BBF00C91425 /* FollowedSellerViewController.swift in Sources */,
				0C9937421B750583000D6074 /* SellerModel.swift in Sources */,
				0C9937531B750583000D6074 /* RoundedImageView.swift in Sources */,
				26AFB3A91B79DE2900E50926 /* ProductDescriptionView.swift in Sources */,
				0C99373E1B750583000D6074 /* ParseLocalJSON.swift in Sources */,
				0C99374D1B750583000D6074 /* NewSellerCollectionViewCell.swift in Sources */,
				26AFB39B1B79DDEA00E50926 /* ProductAttributeModel.swift in Sources */,
				0C99373D1B750583000D6074 /* IPhoneType.swift in Sources */,
				0C9937511B750583000D6074 /* ProductWithCenterNameCollectionViewCell.swift in Sources */,
				0C9937401B750583000D6074 /* HomePageProductModel.swift in Sources */,
				26AFB3B71B79DE3800E50926 /* ProductAttributeViewController.swift in Sources */,
				26AFB3AD1B79DE2900E50926 /* ReviewTableViewCell.swift in Sources */,
				0C329E751B7B2D32005BE2B6 /* RegisterModel.swift in Sources */,
				0C99374B1B750583000D6074 /* HomePageCollectionViewLayout.swift in Sources */,
				0C9937451B750583000D6074 /* DiscountLabel.swift in Sources */,
				0C329E881B7B73A4005BE2B6 /* TodaysPromoViewController.swift in Sources */,
				0C5111D81B81CEE7002F0001 /* SellerTableHeaderView.swift in Sources */,
				79A1C6F51B8357BA0043AA36 /* ProductResultListCollectionViewCell.swift in Sources */,
				26AFB3AB1B79DE2900E50926 /* ProductReviewFooterView.swift in Sources */,
				0C99373B1B750583000D6074 /* Constants.swift in Sources */,
				0C5111DD1B81F21A002F0001 /* AboutSellerTableViewCell.swift in Sources */,
				0C99373F1B750583000D6074 /* SessionManager.swift in Sources */,
				26AFB39C1B79DDEA00E50926 /* ProductAvailableAttributeCombinationModel.swift in Sources */,
				0C329E841B7B738E005BE2B6 /* CustomizeShoppingViewController.swift in Sources */,
				26AFB39D1B79DDEA00E50926 /* ProductReviewModel.swift in Sources */,
				26AFB3B91B79DE3800E50926 /* ProductDescriptionViewController.swift in Sources */,
				26AFB39F1B79DDEA00E50926 /* ProductSellerModel.swift in Sources */,
				79A1C6FD1B8385310043AA36 /* SellerResultCollectionViewCell.swift in Sources */,
				26AFB3A81B79DE2900E50926 /* ProductImagesView.swift in Sources */,
				0C99373C1B750583000D6074 /* HexaColor.swift in Sources */,
				0C6490761B7781E400F88F92 /* Category.swift in Sources */,
				0C99375D1B750583000D6074 /* HomeContainerViewController.swift in Sources */,
				0C5111D51B81CD69002F0001 /* SellerViewController.swift in Sources */,
				0C9937521B750583000D6074 /* RoundedButton.swift in Sources */,
				0C9937411B750583000D6074 /* ProductModel.swift in Sources */,
				79F0DD9C1B7B17D500EB8053 /* CartModel.swift in Sources */,
				0C99375E1B750583000D6074 /* HomePageCollectionViewController.swift in Sources */,
				0C5111E51B8211B6002F0001 /* GeneralRatingTableViewCell.swift in Sources */,
				0C99375B1B750583000D6074 /* CartViewController.swift in Sources */,
				0C9937571B750583000D6074 /* SemiRoundedButton.swift in Sources */,
				0C9937491B750583000D6074 /* GenericCollectionViewCell.swift in Sources */,
				0C9937461B750583000D6074 /* DynamicRoundedButton.swift in Sources */,
				26AFB3AA1B79DE2900E50926 /* ProductReviewHeaderView.swift in Sources */,
			);
			runOnlyForDeploymentPostprocessing = 0;
		};
		0C8A7C7F1B6772670039F013 /* Sources */ = {
			isa = PBXSourcesBuildPhase;
			buildActionMask = 2147483647;
			files = (
				0C8A7C8A1B6772670039F013 /* YiLinkerOnlineBuyerTests.swift in Sources */,
			);
			runOnlyForDeploymentPostprocessing = 0;
		};
/* End PBXSourcesBuildPhase section */

/* Begin PBXTargetDependency section */
		0C8A7C851B6772670039F013 /* PBXTargetDependency */ = {
			isa = PBXTargetDependency;
			target = 0C8A7C6D1B6772670039F013 /* YiLinkerOnlineBuyer */;
			targetProxy = 0C8A7C841B6772670039F013 /* PBXContainerItemProxy */;
		};
/* End PBXTargetDependency section */

/* Begin XCBuildConfiguration section */
		0C8A7C8B1B6772670039F013 /* Debug */ = {
			isa = XCBuildConfiguration;
			buildSettings = {
				ALWAYS_SEARCH_USER_PATHS = NO;
				CLANG_CXX_LANGUAGE_STANDARD = "gnu++0x";
				CLANG_CXX_LIBRARY = "libc++";
				CLANG_ENABLE_MODULES = YES;
				CLANG_ENABLE_OBJC_ARC = YES;
				CLANG_WARN_BOOL_CONVERSION = YES;
				CLANG_WARN_CONSTANT_CONVERSION = YES;
				CLANG_WARN_DIRECT_OBJC_ISA_USAGE = YES_ERROR;
				CLANG_WARN_EMPTY_BODY = YES;
				CLANG_WARN_ENUM_CONVERSION = YES;
				CLANG_WARN_INT_CONVERSION = YES;
				CLANG_WARN_OBJC_ROOT_CLASS = YES_ERROR;
				CLANG_WARN_UNREACHABLE_CODE = YES;
				CLANG_WARN__DUPLICATE_METHOD_MATCH = YES;
				"CODE_SIGN_IDENTITY[sdk=iphoneos*]" = "iPhone Developer";
				COPY_PHASE_STRIP = NO;
				DEBUG_INFORMATION_FORMAT = "dwarf-with-dsym";
				ENABLE_STRICT_OBJC_MSGSEND = YES;
				GCC_C_LANGUAGE_STANDARD = gnu99;
				GCC_DYNAMIC_NO_PIC = NO;
				GCC_NO_COMMON_BLOCKS = YES;
				GCC_OPTIMIZATION_LEVEL = 0;
				GCC_PREPROCESSOR_DEFINITIONS = (
					"DEBUG=1",
					"$(inherited)",
				);
				GCC_SYMBOLS_PRIVATE_EXTERN = NO;
				GCC_WARN_64_TO_32_BIT_CONVERSION = YES;
				GCC_WARN_ABOUT_RETURN_TYPE = YES_ERROR;
				GCC_WARN_UNDECLARED_SELECTOR = YES;
				GCC_WARN_UNINITIALIZED_AUTOS = YES_AGGRESSIVE;
				GCC_WARN_UNUSED_FUNCTION = YES;
				GCC_WARN_UNUSED_VARIABLE = YES;
				IPHONEOS_DEPLOYMENT_TARGET = 8.4;
				MTL_ENABLE_DEBUG_INFO = YES;
				ONLY_ACTIVE_ARCH = YES;
				SDKROOT = iphoneos;
				SWIFT_OPTIMIZATION_LEVEL = "-Onone";
			};
			name = Debug;
		};
		0C8A7C8C1B6772670039F013 /* Release */ = {
			isa = XCBuildConfiguration;
			buildSettings = {
				ALWAYS_SEARCH_USER_PATHS = NO;
				CLANG_CXX_LANGUAGE_STANDARD = "gnu++0x";
				CLANG_CXX_LIBRARY = "libc++";
				CLANG_ENABLE_MODULES = YES;
				CLANG_ENABLE_OBJC_ARC = YES;
				CLANG_WARN_BOOL_CONVERSION = YES;
				CLANG_WARN_CONSTANT_CONVERSION = YES;
				CLANG_WARN_DIRECT_OBJC_ISA_USAGE = YES_ERROR;
				CLANG_WARN_EMPTY_BODY = YES;
				CLANG_WARN_ENUM_CONVERSION = YES;
				CLANG_WARN_INT_CONVERSION = YES;
				CLANG_WARN_OBJC_ROOT_CLASS = YES_ERROR;
				CLANG_WARN_UNREACHABLE_CODE = YES;
				CLANG_WARN__DUPLICATE_METHOD_MATCH = YES;
				"CODE_SIGN_IDENTITY[sdk=iphoneos*]" = "iPhone Developer";
				COPY_PHASE_STRIP = NO;
				DEBUG_INFORMATION_FORMAT = "dwarf-with-dsym";
				ENABLE_NS_ASSERTIONS = NO;
				ENABLE_STRICT_OBJC_MSGSEND = YES;
				GCC_C_LANGUAGE_STANDARD = gnu99;
				GCC_NO_COMMON_BLOCKS = YES;
				GCC_WARN_64_TO_32_BIT_CONVERSION = YES;
				GCC_WARN_ABOUT_RETURN_TYPE = YES_ERROR;
				GCC_WARN_UNDECLARED_SELECTOR = YES;
				GCC_WARN_UNINITIALIZED_AUTOS = YES_AGGRESSIVE;
				GCC_WARN_UNUSED_FUNCTION = YES;
				GCC_WARN_UNUSED_VARIABLE = YES;
				IPHONEOS_DEPLOYMENT_TARGET = 8.4;
				MTL_ENABLE_DEBUG_INFO = NO;
				SDKROOT = iphoneos;
				VALIDATE_PRODUCT = YES;
			};
			name = Release;
		};
		0C8A7C8E1B6772670039F013 /* Debug */ = {
			isa = XCBuildConfiguration;
			baseConfigurationReference = 9140515446F9D97EC8790C7B /* Pods.debug.xcconfig */;
			buildSettings = {
				ASSETCATALOG_COMPILER_APPICON_NAME = AppIcon;
				CLANG_ENABLE_MODULES = YES;
				INFOPLIST_FILE = YiLinkerOnlineBuyer/Info.plist;
				LD_RUNPATH_SEARCH_PATHS = "$(inherited) @executable_path/Frameworks";
				PRODUCT_NAME = "$(TARGET_NAME)";
				SWIFT_OBJC_BRIDGING_HEADER = "YiLinkerOnlineBuyer/Resources/Helper/YiLinkerOnlineBuyer-Bridging-Header.h";
				SWIFT_OPTIMIZATION_LEVEL = "-Onone";
			};
			name = Debug;
		};
		0C8A7C8F1B6772670039F013 /* Release */ = {
			isa = XCBuildConfiguration;
			baseConfigurationReference = 081427E2B6C708A40D908245 /* Pods.release.xcconfig */;
			buildSettings = {
				ASSETCATALOG_COMPILER_APPICON_NAME = AppIcon;
				CLANG_ENABLE_MODULES = YES;
				INFOPLIST_FILE = YiLinkerOnlineBuyer/Info.plist;
				LD_RUNPATH_SEARCH_PATHS = "$(inherited) @executable_path/Frameworks";
				PRODUCT_NAME = "$(TARGET_NAME)";
				SWIFT_OBJC_BRIDGING_HEADER = "YiLinkerOnlineBuyer/Resources/Helper/YiLinkerOnlineBuyer-Bridging-Header.h";
			};
			name = Release;
		};
		0C8A7C911B6772670039F013 /* Debug */ = {
			isa = XCBuildConfiguration;
			buildSettings = {
				BUNDLE_LOADER = "$(TEST_HOST)";
				FRAMEWORK_SEARCH_PATHS = (
					"$(SDKROOT)/Developer/Library/Frameworks",
					"$(inherited)",
				);
				GCC_PREPROCESSOR_DEFINITIONS = (
					"DEBUG=1",
					"$(inherited)",
				);
				INFOPLIST_FILE = YiLinkerOnlineBuyerTests/Info.plist;
				LD_RUNPATH_SEARCH_PATHS = "$(inherited) @executable_path/Frameworks @loader_path/Frameworks";
				PRODUCT_NAME = "$(TARGET_NAME)";
				TEST_HOST = "$(BUILT_PRODUCTS_DIR)/YiLinkerOnlineBuyer.app/YiLinkerOnlineBuyer";
			};
			name = Debug;
		};
		0C8A7C921B6772670039F013 /* Release */ = {
			isa = XCBuildConfiguration;
			buildSettings = {
				BUNDLE_LOADER = "$(TEST_HOST)";
				FRAMEWORK_SEARCH_PATHS = (
					"$(SDKROOT)/Developer/Library/Frameworks",
					"$(inherited)",
				);
				INFOPLIST_FILE = YiLinkerOnlineBuyerTests/Info.plist;
				LD_RUNPATH_SEARCH_PATHS = "$(inherited) @executable_path/Frameworks @loader_path/Frameworks";
				PRODUCT_NAME = "$(TARGET_NAME)";
				TEST_HOST = "$(BUILT_PRODUCTS_DIR)/YiLinkerOnlineBuyer.app/YiLinkerOnlineBuyer";
			};
			name = Release;
		};
/* End XCBuildConfiguration section */

/* Begin XCConfigurationList section */
		0C8A7C691B6772670039F013 /* Build configuration list for PBXProject "YiLinkerOnlineBuyer" */ = {
			isa = XCConfigurationList;
			buildConfigurations = (
				0C8A7C8B1B6772670039F013 /* Debug */,
				0C8A7C8C1B6772670039F013 /* Release */,
			);
			defaultConfigurationIsVisible = 0;
			defaultConfigurationName = Release;
		};
		0C8A7C8D1B6772670039F013 /* Build configuration list for PBXNativeTarget "YiLinkerOnlineBuyer" */ = {
			isa = XCConfigurationList;
			buildConfigurations = (
				0C8A7C8E1B6772670039F013 /* Debug */,
				0C8A7C8F1B6772670039F013 /* Release */,
			);
			defaultConfigurationIsVisible = 0;
			defaultConfigurationName = Release;
		};
		0C8A7C901B6772670039F013 /* Build configuration list for PBXNativeTarget "YiLinkerOnlineBuyerTests" */ = {
			isa = XCConfigurationList;
			buildConfigurations = (
				0C8A7C911B6772670039F013 /* Debug */,
				0C8A7C921B6772670039F013 /* Release */,
			);
			defaultConfigurationIsVisible = 0;
			defaultConfigurationName = Release;
		};
/* End XCConfigurationList section */
	};
	rootObject = 0C8A7C661B6772670039F013 /* Project object */;
}
